// !$*UTF8*$!
{
	archiveVersion = 1;
	classes = {
	};
	objectVersion = 55;
	objects = {

/* Begin PBXBuildFile section */
		39C80971280023BB00090ABF /* AppDelegate.swift in Sources */ = {isa = PBXBuildFile; fileRef = 39C80970280023BB00090ABF /* AppDelegate.swift */; };
		39C80973280023BB00090ABF /* SceneDelegate.swift in Sources */ = {isa = PBXBuildFile; fileRef = 39C80972280023BB00090ABF /* SceneDelegate.swift */; };
		39C80975280023BB00090ABF /* ViewController.swift in Sources */ = {isa = PBXBuildFile; fileRef = 39C80974280023BB00090ABF /* ViewController.swift */; };
		39C80978280023BB00090ABF /* Main.storyboard in Resources */ = {isa = PBXBuildFile; fileRef = 39C80976280023BB00090ABF /* Main.storyboard */; };
		39C8097A280023BC00090ABF /* Assets.xcassets in Resources */ = {isa = PBXBuildFile; fileRef = 39C80979280023BC00090ABF /* Assets.xcassets */; };
		39C8097D280023BC00090ABF /* LaunchScreen.storyboard in Resources */ = {isa = PBXBuildFile; fileRef = 39C8097B280023BC00090ABF /* LaunchScreen.storyboard */; };
		39C809BB2800358500090ABF /* AboutViewController.swift in Sources */ = {isa = PBXBuildFile; fileRef = 39C809BA2800358500090ABF /* AboutViewController.swift */; };
		39C809BD2800359300090ABF /* SessionViewController.swift in Sources */ = {isa = PBXBuildFile; fileRef = 39C809BC2800359300090ABF /* SessionViewController.swift */; };
		39C809BF2800359C00090ABF /* StageViewController.swift in Sources */ = {isa = PBXBuildFile; fileRef = 39C809BE2800359C00090ABF /* StageViewController.swift */; };
		39C809C1280035A200090ABF /* PlayViewController.swift in Sources */ = {isa = PBXBuildFile; fileRef = 39C809C0280035A200090ABF /* PlayViewController.swift */; };
		39C809C3280035C700090ABF /* ChallengeViewController.swift in Sources */ = {isa = PBXBuildFile; fileRef = 39C809C2280035C700090ABF /* ChallengeViewController.swift */; };
		39C809C5280035CE00090ABF /* ChallengeResultViewController.swift in Sources */ = {isa = PBXBuildFile; fileRef = 39C809C4280035CE00090ABF /* ChallengeResultViewController.swift */; };
		39DC7A0F2804394C00F0EE3F /* ChooseStageViewController.swift in Sources */ = {isa = PBXBuildFile; fileRef = 39DC7A0E2804394C00F0EE3F /* ChooseStageViewController.swift */; };
		9587C6C92804818200C72733 /* Prompt.swift in Sources */ = {isa = PBXBuildFile; fileRef = 9587C6C82804818200C72733 /* Prompt.swift */; };
		9587C6CB2804823300C72733 /* PromptStage1Feeder.swift in Sources */ = {isa = PBXBuildFile; fileRef = 9587C6CA2804823300C72733 /* PromptStage1Feeder.swift */; };
		9587C6D8280561A300C72733 /* AVFoundation.framework in Frameworks */ = {isa = PBXBuildFile; fileRef = 9587C6D7280561A300C72733 /* AVFoundation.framework */; };
		9587C6FF280569B300C72733 /* 1-1-35.m4a in Resources */ = {isa = PBXBuildFile; fileRef = 9587C6DF280569B200C72733 /* 1-1-35.m4a */; };
		9587C700280569B300C72733 /* 1-1-10.m4a in Resources */ = {isa = PBXBuildFile; fileRef = 9587C6E0280569B200C72733 /* 1-1-10.m4a */; };
		9587C701280569B300C72733 /* 1-1-32.m4a in Resources */ = {isa = PBXBuildFile; fileRef = 9587C6E1280569B200C72733 /* 1-1-32.m4a */; };
		9587C702280569B300C72733 /* 1-1-21.m4a in Resources */ = {isa = PBXBuildFile; fileRef = 9587C6E2280569B200C72733 /* 1-1-21.m4a */; };
		9587C703280569B300C72733 /* 1-1-33.m4a in Resources */ = {isa = PBXBuildFile; fileRef = 9587C6E3280569B200C72733 /* 1-1-33.m4a */; };
		9587C704280569B300C72733 /* 1-1-13.m4a in Resources */ = {isa = PBXBuildFile; fileRef = 9587C6E4280569B200C72733 /* 1-1-13.m4a */; };
		9587C705280569B300C72733 /* 1-1-26.m4a in Resources */ = {isa = PBXBuildFile; fileRef = 9587C6E5280569B200C72733 /* 1-1-26.m4a */; };
		9587C706280569B300C72733 /* 1-1-20.m4a in Resources */ = {isa = PBXBuildFile; fileRef = 9587C6E6280569B200C72733 /* 1-1-20.m4a */; };
		9587C707280569B300C72733 /* 1-1-7.m4a in Resources */ = {isa = PBXBuildFile; fileRef = 9587C6E7280569B200C72733 /* 1-1-7.m4a */; };
		9587C708280569B300C72733 /* 1-1-30.m4a in Resources */ = {isa = PBXBuildFile; fileRef = 9587C6E8280569B200C72733 /* 1-1-30.m4a */; };
		9587C709280569B300C72733 /* 1-1-17.m4a in Resources */ = {isa = PBXBuildFile; fileRef = 9587C6E9280569B200C72733 /* 1-1-17.m4a */; };
		9587C70A280569B300C72733 /* 1-1-6.m4a in Resources */ = {isa = PBXBuildFile; fileRef = 9587C6EA280569B200C72733 /* 1-1-6.m4a */; };
		9587C70B280569B300C72733 /* 1-1-5.m4a in Resources */ = {isa = PBXBuildFile; fileRef = 9587C6EB280569B200C72733 /* 1-1-5.m4a */; };
		9587C70C280569B300C72733 /* 1-1-39.m4a in Resources */ = {isa = PBXBuildFile; fileRef = 9587C6EC280569B200C72733 /* 1-1-39.m4a */; };
		9587C70D280569B300C72733 /* 1-1-28.m4a in Resources */ = {isa = PBXBuildFile; fileRef = 9587C6ED280569B200C72733 /* 1-1-28.m4a */; };
		9587C70E280569B300C72733 /* 1-1-12.m4a in Resources */ = {isa = PBXBuildFile; fileRef = 9587C6EE280569B200C72733 /* 1-1-12.m4a */; };
		9587C70F280569B300C72733 /* 1-1-8.m4a in Resources */ = {isa = PBXBuildFile; fileRef = 9587C6EF280569B200C72733 /* 1-1-8.m4a */; };
		9587C710280569B300C72733 /* 1-1-15.m4a in Resources */ = {isa = PBXBuildFile; fileRef = 9587C6F0280569B200C72733 /* 1-1-15.m4a */; };
		9587C711280569B300C72733 /* 1-1-4.m4a in Resources */ = {isa = PBXBuildFile; fileRef = 9587C6F1280569B200C72733 /* 1-1-4.m4a */; };
		9587C712280569B300C72733 /* 1-1-18.m4a in Resources */ = {isa = PBXBuildFile; fileRef = 9587C6F2280569B200C72733 /* 1-1-18.m4a */; };
		9587C713280569B300C72733 /* 1-1-23.m4a in Resources */ = {isa = PBXBuildFile; fileRef = 9587C6F3280569B200C72733 /* 1-1-23.m4a */; };
		9587C714280569B300C72733 /* 1-1-11.m4a in Resources */ = {isa = PBXBuildFile; fileRef = 9587C6F4280569B200C72733 /* 1-1-11.m4a */; };
		9587C715280569B300C72733 /* 1-1-9.m4a in Resources */ = {isa = PBXBuildFile; fileRef = 9587C6F5280569B200C72733 /* 1-1-9.m4a */; };
		9587C716280569B300C72733 /* 1-1-22.m4a in Resources */ = {isa = PBXBuildFile; fileRef = 9587C6F6280569B200C72733 /* 1-1-22.m4a */; };
		9587C717280569B300C72733 /* 1-1-2.m4a in Resources */ = {isa = PBXBuildFile; fileRef = 9587C6F7280569B200C72733 /* 1-1-2.m4a */; };
		9587C718280569B300C72733 /* 1-1-14.m4a in Resources */ = {isa = PBXBuildFile; fileRef = 9587C6F8280569B200C72733 /* 1-1-14.m4a */; };
		9587C719280569B300C72733 /* 1-1-3.m4a in Resources */ = {isa = PBXBuildFile; fileRef = 9587C6F9280569B200C72733 /* 1-1-3.m4a */; };
		9587C71A280569B300C72733 /* 1-1-37.m4a in Resources */ = {isa = PBXBuildFile; fileRef = 9587C6FA280569B200C72733 /* 1-1-37.m4a */; };
		9587C71B280569B300C72733 /* 1-1-1.m4a in Resources */ = {isa = PBXBuildFile; fileRef = 9587C6FB280569B200C72733 /* 1-1-1.m4a */; };
		9587C71C280569B300C72733 /* 1-1-40.m4a in Resources */ = {isa = PBXBuildFile; fileRef = 9587C6FC280569B200C72733 /* 1-1-40.m4a */; };
		9587C71D280569B300C72733 /* 1-1-19.m4a in Resources */ = {isa = PBXBuildFile; fileRef = 9587C6FD280569B300C72733 /* 1-1-19.m4a */; };
		9587C71E280569B300C72733 /* 1-1-25.m4a in Resources */ = {isa = PBXBuildFile; fileRef = 9587C6FE280569B300C72733 /* 1-1-25.m4a */; };
		9587C72028056FCF00C72733 /* kolam-air.mp3 in Resources */ = {isa = PBXBuildFile; fileRef = 9587C71F28056FCF00C72733 /* kolam-air.mp3 */; };
		9587C739280570F200C72733 /* 1-1-16.mp3 in Resources */ = {isa = PBXBuildFile; fileRef = 9587C731280570F100C72733 /* 1-1-16.mp3 */; };
		9587C73A280570F200C72733 /* 1-1-27.mp3 in Resources */ = {isa = PBXBuildFile; fileRef = 9587C732280570F100C72733 /* 1-1-27.mp3 */; };
		9587C73B280570F200C72733 /* 1-1-34.mp3 in Resources */ = {isa = PBXBuildFile; fileRef = 9587C733280570F100C72733 /* 1-1-34.mp3 */; };
		9587C73C280570F200C72733 /* 1-1-31.mp3 in Resources */ = {isa = PBXBuildFile; fileRef = 9587C734280570F100C72733 /* 1-1-31.mp3 */; };
		9587C73D280570F200C72733 /* 1-1-38.mp3 in Resources */ = {isa = PBXBuildFile; fileRef = 9587C735280570F100C72733 /* 1-1-38.mp3 */; };
		9587C73E280570F200C72733 /* 1-1-24.mp3 in Resources */ = {isa = PBXBuildFile; fileRef = 9587C736280570F100C72733 /* 1-1-24.mp3 */; };
		9587C73F280570F200C72733 /* 1-1-36.mp3 in Resources */ = {isa = PBXBuildFile; fileRef = 9587C737280570F200C72733 /* 1-1-36.mp3 */; };
		9587C740280570F200C72733 /* 1-1-29.mp3 in Resources */ = {isa = PBXBuildFile; fileRef = 9587C738280570F200C72733 /* 1-1-29.mp3 */; };
		9587C742280571EA00C72733 /* ceria.mp3 in Resources */ = {isa = PBXBuildFile; fileRef = 9587C741280571EA00C72733 /* ceria.mp3 */; };
/* End PBXBuildFile section */

/* Begin PBXFileReference section */
		39C8096D280023BB00090ABF /* rereTemanAirku.app */ = {isa = PBXFileReference; explicitFileType = wrapper.application; includeInIndex = 0; path = rereTemanAirku.app; sourceTree = BUILT_PRODUCTS_DIR; };
		39C80970280023BB00090ABF /* AppDelegate.swift */ = {isa = PBXFileReference; lastKnownFileType = sourcecode.swift; path = AppDelegate.swift; sourceTree = "<group>"; };
		39C80972280023BB00090ABF /* SceneDelegate.swift */ = {isa = PBXFileReference; lastKnownFileType = sourcecode.swift; path = SceneDelegate.swift; sourceTree = "<group>"; };
		39C80974280023BB00090ABF /* ViewController.swift */ = {isa = PBXFileReference; lastKnownFileType = sourcecode.swift; path = ViewController.swift; sourceTree = "<group>"; };
		39C80977280023BB00090ABF /* Base */ = {isa = PBXFileReference; lastKnownFileType = file.storyboard; name = Base; path = Base.lproj/Main.storyboard; sourceTree = "<group>"; };
		39C80979280023BC00090ABF /* Assets.xcassets */ = {isa = PBXFileReference; lastKnownFileType = folder.assetcatalog; path = Assets.xcassets; sourceTree = "<group>"; };
		39C8097C280023BC00090ABF /* Base */ = {isa = PBXFileReference; lastKnownFileType = file.storyboard; name = Base; path = Base.lproj/LaunchScreen.storyboard; sourceTree = "<group>"; };
		39C8097E280023BC00090ABF /* Info.plist */ = {isa = PBXFileReference; lastKnownFileType = text.plist.xml; path = Info.plist; sourceTree = "<group>"; };
		39C809BA2800358500090ABF /* AboutViewController.swift */ = {isa = PBXFileReference; lastKnownFileType = sourcecode.swift; path = AboutViewController.swift; sourceTree = "<group>"; };
		39C809BC2800359300090ABF /* SessionViewController.swift */ = {isa = PBXFileReference; lastKnownFileType = sourcecode.swift; path = SessionViewController.swift; sourceTree = "<group>"; };
		39C809BE2800359C00090ABF /* StageViewController.swift */ = {isa = PBXFileReference; lastKnownFileType = sourcecode.swift; path = StageViewController.swift; sourceTree = "<group>"; };
		39C809C0280035A200090ABF /* PlayViewController.swift */ = {isa = PBXFileReference; lastKnownFileType = sourcecode.swift; path = PlayViewController.swift; sourceTree = "<group>"; };
		39C809C2280035C700090ABF /* ChallengeViewController.swift */ = {isa = PBXFileReference; lastKnownFileType = sourcecode.swift; path = ChallengeViewController.swift; sourceTree = "<group>"; };
		39C809C4280035CE00090ABF /* ChallengeResultViewController.swift */ = {isa = PBXFileReference; lastKnownFileType = sourcecode.swift; path = ChallengeResultViewController.swift; sourceTree = "<group>"; };
		39DC7A0E2804394C00F0EE3F /* ChooseStageViewController.swift */ = {isa = PBXFileReference; lastKnownFileType = sourcecode.swift; path = ChooseStageViewController.swift; sourceTree = "<group>"; };
		9587C6C82804818200C72733 /* Prompt.swift */ = {isa = PBXFileReference; lastKnownFileType = sourcecode.swift; path = Prompt.swift; sourceTree = "<group>"; };
		9587C6CA2804823300C72733 /* PromptStage1Feeder.swift */ = {isa = PBXFileReference; lastKnownFileType = sourcecode.swift; path = PromptStage1Feeder.swift; sourceTree = "<group>"; };
		9587C6D7280561A300C72733 /* AVFoundation.framework */ = {isa = PBXFileReference; lastKnownFileType = wrapper.framework; name = AVFoundation.framework; path = System/Library/Frameworks/AVFoundation.framework; sourceTree = SDKROOT; };
		9587C6DF280569B200C72733 /* 1-1-35.m4a */ = {isa = PBXFileReference; lastKnownFileType = file; name = "1-1-35.m4a"; path = "../../../../Downloads/Voice Over - Rere/1-1-35.m4a"; sourceTree = "<group>"; };
		9587C6E0280569B200C72733 /* 1-1-10.m4a */ = {isa = PBXFileReference; lastKnownFileType = file; name = "1-1-10.m4a"; path = "../../../../Downloads/Voice Over - Rere/1-1-10.m4a"; sourceTree = "<group>"; };
		9587C6E1280569B200C72733 /* 1-1-32.m4a */ = {isa = PBXFileReference; lastKnownFileType = file; name = "1-1-32.m4a"; path = "../../../../Downloads/Voice Over - Rere/1-1-32.m4a"; sourceTree = "<group>"; };
		9587C6E2280569B200C72733 /* 1-1-21.m4a */ = {isa = PBXFileReference; lastKnownFileType = file; name = "1-1-21.m4a"; path = "../../../../Downloads/Voice Over - Rere/1-1-21.m4a"; sourceTree = "<group>"; };
		9587C6E3280569B200C72733 /* 1-1-33.m4a */ = {isa = PBXFileReference; lastKnownFileType = file; name = "1-1-33.m4a"; path = "../../../../Downloads/Voice Over - Rere/1-1-33.m4a"; sourceTree = "<group>"; };
		9587C6E4280569B200C72733 /* 1-1-13.m4a */ = {isa = PBXFileReference; lastKnownFileType = file; name = "1-1-13.m4a"; path = "../../../../Downloads/Voice Over - Rere/1-1-13.m4a"; sourceTree = "<group>"; };
		9587C6E5280569B200C72733 /* 1-1-26.m4a */ = {isa = PBXFileReference; lastKnownFileType = file; name = "1-1-26.m4a"; path = "../../../../Downloads/Voice Over - Rere/1-1-26.m4a"; sourceTree = "<group>"; };
		9587C6E6280569B200C72733 /* 1-1-20.m4a */ = {isa = PBXFileReference; lastKnownFileType = file; name = "1-1-20.m4a"; path = "../../../../Downloads/Voice Over - Rere/1-1-20.m4a"; sourceTree = "<group>"; };
		9587C6E7280569B200C72733 /* 1-1-7.m4a */ = {isa = PBXFileReference; lastKnownFileType = file; name = "1-1-7.m4a"; path = "../../../../Downloads/Voice Over - Rere/1-1-7.m4a"; sourceTree = "<group>"; };
		9587C6E8280569B200C72733 /* 1-1-30.m4a */ = {isa = PBXFileReference; lastKnownFileType = file; name = "1-1-30.m4a"; path = "../../../../Downloads/Voice Over - Rere/1-1-30.m4a"; sourceTree = "<group>"; };
		9587C6E9280569B200C72733 /* 1-1-17.m4a */ = {isa = PBXFileReference; lastKnownFileType = file; name = "1-1-17.m4a"; path = "../../../../Downloads/Voice Over - Rere/1-1-17.m4a"; sourceTree = "<group>"; };
		9587C6EA280569B200C72733 /* 1-1-6.m4a */ = {isa = PBXFileReference; lastKnownFileType = file; name = "1-1-6.m4a"; path = "../../../../Downloads/Voice Over - Rere/1-1-6.m4a"; sourceTree = "<group>"; };
		9587C6EB280569B200C72733 /* 1-1-5.m4a */ = {isa = PBXFileReference; lastKnownFileType = file; name = "1-1-5.m4a"; path = "../../../../Downloads/Voice Over - Rere/1-1-5.m4a"; sourceTree = "<group>"; };
		9587C6EC280569B200C72733 /* 1-1-39.m4a */ = {isa = PBXFileReference; lastKnownFileType = file; name = "1-1-39.m4a"; path = "../../../../Downloads/Voice Over - Rere/1-1-39.m4a"; sourceTree = "<group>"; };
		9587C6ED280569B200C72733 /* 1-1-28.m4a */ = {isa = PBXFileReference; lastKnownFileType = file; name = "1-1-28.m4a"; path = "../../../../Downloads/Voice Over - Rere/1-1-28.m4a"; sourceTree = "<group>"; };
		9587C6EE280569B200C72733 /* 1-1-12.m4a */ = {isa = PBXFileReference; lastKnownFileType = file; name = "1-1-12.m4a"; path = "../../../../Downloads/Voice Over - Rere/1-1-12.m4a"; sourceTree = "<group>"; };
		9587C6EF280569B200C72733 /* 1-1-8.m4a */ = {isa = PBXFileReference; lastKnownFileType = file; name = "1-1-8.m4a"; path = "../../../../Downloads/Voice Over - Rere/1-1-8.m4a"; sourceTree = "<group>"; };
		9587C6F0280569B200C72733 /* 1-1-15.m4a */ = {isa = PBXFileReference; lastKnownFileType = file; name = "1-1-15.m4a"; path = "../../../../Downloads/Voice Over - Rere/1-1-15.m4a"; sourceTree = "<group>"; };
		9587C6F1280569B200C72733 /* 1-1-4.m4a */ = {isa = PBXFileReference; lastKnownFileType = file; name = "1-1-4.m4a"; path = "../../../../Downloads/Voice Over - Rere/1-1-4.m4a"; sourceTree = "<group>"; };
		9587C6F2280569B200C72733 /* 1-1-18.m4a */ = {isa = PBXFileReference; lastKnownFileType = file; name = "1-1-18.m4a"; path = "../../../../Downloads/Voice Over - Rere/1-1-18.m4a"; sourceTree = "<group>"; };
		9587C6F3280569B200C72733 /* 1-1-23.m4a */ = {isa = PBXFileReference; lastKnownFileType = file; name = "1-1-23.m4a"; path = "../../../../Downloads/Voice Over - Rere/1-1-23.m4a"; sourceTree = "<group>"; };
		9587C6F4280569B200C72733 /* 1-1-11.m4a */ = {isa = PBXFileReference; lastKnownFileType = file; name = "1-1-11.m4a"; path = "../../../../Downloads/Voice Over - Rere/1-1-11.m4a"; sourceTree = "<group>"; };
		9587C6F5280569B200C72733 /* 1-1-9.m4a */ = {isa = PBXFileReference; lastKnownFileType = file; name = "1-1-9.m4a"; path = "../../../../Downloads/Voice Over - Rere/1-1-9.m4a"; sourceTree = "<group>"; };
		9587C6F6280569B200C72733 /* 1-1-22.m4a */ = {isa = PBXFileReference; lastKnownFileType = file; name = "1-1-22.m4a"; path = "../../../../Downloads/Voice Over - Rere/1-1-22.m4a"; sourceTree = "<group>"; };
		9587C6F7280569B200C72733 /* 1-1-2.m4a */ = {isa = PBXFileReference; lastKnownFileType = file; name = "1-1-2.m4a"; path = "../../../../Downloads/Voice Over - Rere/1-1-2.m4a"; sourceTree = "<group>"; };
		9587C6F8280569B200C72733 /* 1-1-14.m4a */ = {isa = PBXFileReference; lastKnownFileType = file; name = "1-1-14.m4a"; path = "../../../../Downloads/Voice Over - Rere/1-1-14.m4a"; sourceTree = "<group>"; };
		9587C6F9280569B200C72733 /* 1-1-3.m4a */ = {isa = PBXFileReference; lastKnownFileType = file; name = "1-1-3.m4a"; path = "../../../../Downloads/Voice Over - Rere/1-1-3.m4a"; sourceTree = "<group>"; };
		9587C6FA280569B200C72733 /* 1-1-37.m4a */ = {isa = PBXFileReference; lastKnownFileType = file; name = "1-1-37.m4a"; path = "../../../../Downloads/Voice Over - Rere/1-1-37.m4a"; sourceTree = "<group>"; };
		9587C6FB280569B200C72733 /* 1-1-1.m4a */ = {isa = PBXFileReference; lastKnownFileType = file; name = "1-1-1.m4a"; path = "../../../../Downloads/Voice Over - Rere/1-1-1.m4a"; sourceTree = "<group>"; };
		9587C6FC280569B200C72733 /* 1-1-40.m4a */ = {isa = PBXFileReference; lastKnownFileType = file; name = "1-1-40.m4a"; path = "../../../../Downloads/Voice Over - Rere/1-1-40.m4a"; sourceTree = "<group>"; };
		9587C6FD280569B300C72733 /* 1-1-19.m4a */ = {isa = PBXFileReference; lastKnownFileType = file; name = "1-1-19.m4a"; path = "../../../../Downloads/Voice Over - Rere/1-1-19.m4a"; sourceTree = "<group>"; };
		9587C6FE280569B300C72733 /* 1-1-25.m4a */ = {isa = PBXFileReference; lastKnownFileType = file; name = "1-1-25.m4a"; path = "../../../../Downloads/Voice Over - Rere/1-1-25.m4a"; sourceTree = "<group>"; };
		9587C71F28056FCF00C72733 /* kolam-air.mp3 */ = {isa = PBXFileReference; lastKnownFileType = audio.mp3; name = "kolam-air.mp3"; path = "../../../../Downloads/kolam-air.mp3"; sourceTree = "<group>"; };
		9587C731280570F100C72733 /* 1-1-16.mp3 */ = {isa = PBXFileReference; lastKnownFileType = audio.mp3; name = "1-1-16.mp3"; path = "../../../../Downloads/Voice Over - Rere/1-1-16.mp3"; sourceTree = "<group>"; };
		9587C732280570F100C72733 /* 1-1-27.mp3 */ = {isa = PBXFileReference; lastKnownFileType = audio.mp3; name = "1-1-27.mp3"; path = "../../../../Downloads/Voice Over - Rere/1-1-27.mp3"; sourceTree = "<group>"; };
		9587C733280570F100C72733 /* 1-1-34.mp3 */ = {isa = PBXFileReference; lastKnownFileType = audio.mp3; name = "1-1-34.mp3"; path = "../../../../Downloads/Voice Over - Rere/1-1-34.mp3"; sourceTree = "<group>"; };
		9587C734280570F100C72733 /* 1-1-31.mp3 */ = {isa = PBXFileReference; lastKnownFileType = audio.mp3; name = "1-1-31.mp3"; path = "../../../../Downloads/Voice Over - Rere/1-1-31.mp3"; sourceTree = "<group>"; };
		9587C735280570F100C72733 /* 1-1-38.mp3 */ = {isa = PBXFileReference; lastKnownFileType = audio.mp3; name = "1-1-38.mp3"; path = "../../../../Downloads/Voice Over - Rere/1-1-38.mp3"; sourceTree = "<group>"; };
		9587C736280570F100C72733 /* 1-1-24.mp3 */ = {isa = PBXFileReference; lastKnownFileType = audio.mp3; name = "1-1-24.mp3"; path = "../../../../Downloads/Voice Over - Rere/1-1-24.mp3"; sourceTree = "<group>"; };
		9587C737280570F200C72733 /* 1-1-36.mp3 */ = {isa = PBXFileReference; lastKnownFileType = audio.mp3; name = "1-1-36.mp3"; path = "../../../../Downloads/Voice Over - Rere/1-1-36.mp3"; sourceTree = "<group>"; };
		9587C738280570F200C72733 /* 1-1-29.mp3 */ = {isa = PBXFileReference; lastKnownFileType = audio.mp3; name = "1-1-29.mp3"; path = "../../../../Downloads/Voice Over - Rere/1-1-29.mp3"; sourceTree = "<group>"; };
		9587C741280571EA00C72733 /* ceria.mp3 */ = {isa = PBXFileReference; lastKnownFileType = audio.mp3; name = ceria.mp3; path = ../../../../Downloads/ceria.mp3; sourceTree = "<group>"; };
/* End PBXFileReference section */

/* Begin PBXFrameworksBuildPhase section */
		39C8096A280023BB00090ABF /* Frameworks */ = {
			isa = PBXFrameworksBuildPhase;
			buildActionMask = 2147483647;
			files = (
				9587C6D8280561A300C72733 /* AVFoundation.framework in Frameworks */,
			);
			runOnlyForDeploymentPostprocessing = 0;
		};
/* End PBXFrameworksBuildPhase section */

/* Begin PBXGroup section */
		39C80964280023BB00090ABF = {
			isa = PBXGroup;
			children = (
				9587C741280571EA00C72733 /* ceria.mp3 */,
				9587C736280570F100C72733 /* 1-1-24.mp3 */,
				9587C738280570F200C72733 /* 1-1-29.mp3 */,
				9587C734280570F100C72733 /* 1-1-31.mp3 */,
				9587C737280570F200C72733 /* 1-1-36.mp3 */,
				9587C731280570F100C72733 /* 1-1-16.mp3 */,
				9587C732280570F100C72733 /* 1-1-27.mp3 */,
				9587C733280570F100C72733 /* 1-1-34.mp3 */,
				9587C735280570F100C72733 /* 1-1-38.mp3 */,
				9587C71F28056FCF00C72733 /* kolam-air.mp3 */,
				9587C6FB280569B200C72733 /* 1-1-1.m4a */,
				9587C6F7280569B200C72733 /* 1-1-2.m4a */,
				9587C6F9280569B200C72733 /* 1-1-3.m4a */,
				9587C6F1280569B200C72733 /* 1-1-4.m4a */,
				9587C6EB280569B200C72733 /* 1-1-5.m4a */,
				9587C6EA280569B200C72733 /* 1-1-6.m4a */,
				9587C6E7280569B200C72733 /* 1-1-7.m4a */,
				9587C6EF280569B200C72733 /* 1-1-8.m4a */,
				9587C6F5280569B200C72733 /* 1-1-9.m4a */,
				9587C6E0280569B200C72733 /* 1-1-10.m4a */,
				9587C6F4280569B200C72733 /* 1-1-11.m4a */,
				9587C6EE280569B200C72733 /* 1-1-12.m4a */,
				9587C6E4280569B200C72733 /* 1-1-13.m4a */,
				9587C6F8280569B200C72733 /* 1-1-14.m4a */,
				9587C6F0280569B200C72733 /* 1-1-15.m4a */,
				9587C6E9280569B200C72733 /* 1-1-17.m4a */,
				9587C6F2280569B200C72733 /* 1-1-18.m4a */,
				9587C6FD280569B300C72733 /* 1-1-19.m4a */,
				9587C6E6280569B200C72733 /* 1-1-20.m4a */,
				9587C6E2280569B200C72733 /* 1-1-21.m4a */,
				9587C6F6280569B200C72733 /* 1-1-22.m4a */,
				9587C6F3280569B200C72733 /* 1-1-23.m4a */,
				9587C6FE280569B300C72733 /* 1-1-25.m4a */,
				9587C6E5280569B200C72733 /* 1-1-26.m4a */,
				9587C6ED280569B200C72733 /* 1-1-28.m4a */,
				9587C6E8280569B200C72733 /* 1-1-30.m4a */,
				9587C6E1280569B200C72733 /* 1-1-32.m4a */,
				9587C6E3280569B200C72733 /* 1-1-33.m4a */,
				9587C6DF280569B200C72733 /* 1-1-35.m4a */,
				9587C6FA280569B200C72733 /* 1-1-37.m4a */,
				9587C6EC280569B200C72733 /* 1-1-39.m4a */,
				9587C6FC280569B200C72733 /* 1-1-40.m4a */,
				9587C6CA2804823300C72733 /* PromptStage1Feeder.swift */,
				9587C6C82804818200C72733 /* Prompt.swift */,
				39C8096F280023BB00090ABF /* rereTemanAirku */,
				39C8096E280023BB00090ABF /* Products */,
				9587C6D6280561A300C72733 /* Frameworks */,
			);
			sourceTree = "<group>";
		};
		39C8096E280023BB00090ABF /* Products */ = {
			isa = PBXGroup;
			children = (
				39C8096D280023BB00090ABF /* rereTemanAirku.app */,
			);
			name = Products;
			sourceTree = "<group>";
		};
		39C8096F280023BB00090ABF /* rereTemanAirku */ = {
			isa = PBXGroup;
			children = (
				39C80970280023BB00090ABF /* AppDelegate.swift */,
				39C80972280023BB00090ABF /* SceneDelegate.swift */,
				39C80974280023BB00090ABF /* ViewController.swift */,
				39C809BA2800358500090ABF /* AboutViewController.swift */,
				39C809BC2800359300090ABF /* SessionViewController.swift */,
				39DC7A0E2804394C00F0EE3F /* ChooseStageViewController.swift */,
				39C809BE2800359C00090ABF /* StageViewController.swift */,
				39C809C0280035A200090ABF /* PlayViewController.swift */,
				39C809C2280035C700090ABF /* ChallengeViewController.swift */,
				39C809C4280035CE00090ABF /* ChallengeResultViewController.swift */,
				39C80976280023BB00090ABF /* Main.storyboard */,
				39C80979280023BC00090ABF /* Assets.xcassets */,
				39C8097B280023BC00090ABF /* LaunchScreen.storyboard */,
				39C8097E280023BC00090ABF /* Info.plist */,
			);
			path = rereTemanAirku;
			sourceTree = "<group>";
		};
		9587C6D6280561A300C72733 /* Frameworks */ = {
			isa = PBXGroup;
			children = (
				9587C6D7280561A300C72733 /* AVFoundation.framework */,
			);
			name = Frameworks;
			sourceTree = "<group>";
		};
/* End PBXGroup section */

/* Begin PBXNativeTarget section */
		39C8096C280023BB00090ABF /* rereTemanAirku */ = {
			isa = PBXNativeTarget;
			buildConfigurationList = 39C80981280023BC00090ABF /* Build configuration list for PBXNativeTarget "rereTemanAirku" */;
			buildPhases = (
				39C80969280023BB00090ABF /* Sources */,
				39C8096A280023BB00090ABF /* Frameworks */,
				39C8096B280023BB00090ABF /* Resources */,
			);
			buildRules = (
			);
			dependencies = (
			);
			name = rereTemanAirku;
			productName = rereTemanAirku;
			productReference = 39C8096D280023BB00090ABF /* rereTemanAirku.app */;
			productType = "com.apple.product-type.application";
		};
/* End PBXNativeTarget section */

/* Begin PBXProject section */
		39C80965280023BB00090ABF /* Project object */ = {
			isa = PBXProject;
			attributes = {
				BuildIndependentTargetsInParallel = 1;
				LastSwiftUpdateCheck = 1320;
				LastUpgradeCheck = 1320;
				TargetAttributes = {
					39C8096C280023BB00090ABF = {
						CreatedOnToolsVersion = 13.2.1;
					};
				};
			};
			buildConfigurationList = 39C80968280023BB00090ABF /* Build configuration list for PBXProject "rereTemanAirku" */;
			compatibilityVersion = "Xcode 13.0";
			developmentRegion = en;
			hasScannedForEncodings = 0;
			knownRegions = (
				en,
				Base,
			);
			mainGroup = 39C80964280023BB00090ABF;
			productRefGroup = 39C8096E280023BB00090ABF /* Products */;
			projectDirPath = "";
			projectRoot = "";
			targets = (
				39C8096C280023BB00090ABF /* rereTemanAirku */,
			);
		};
/* End PBXProject section */

/* Begin PBXResourcesBuildPhase section */
		39C8096B280023BB00090ABF /* Resources */ = {
			isa = PBXResourcesBuildPhase;
			buildActionMask = 2147483647;
			files = (
				9587C70D280569B300C72733 /* 1-1-28.m4a in Resources */,
				39C8097D280023BC00090ABF /* LaunchScreen.storyboard in Resources */,
				9587C73E280570F200C72733 /* 1-1-24.mp3 in Resources */,
				9587C714280569B300C72733 /* 1-1-11.m4a in Resources */,
				9587C701280569B300C72733 /* 1-1-32.m4a in Resources */,
				9587C73D280570F200C72733 /* 1-1-38.mp3 in Resources */,
				9587C709280569B300C72733 /* 1-1-17.m4a in Resources */,
				9587C705280569B300C72733 /* 1-1-26.m4a in Resources */,
				9587C71B280569B300C72733 /* 1-1-1.m4a in Resources */,
				9587C708280569B300C72733 /* 1-1-30.m4a in Resources */,
				9587C717280569B300C72733 /* 1-1-2.m4a in Resources */,
				39C8097A280023BC00090ABF /* Assets.xcassets in Resources */,
				9587C707280569B300C72733 /* 1-1-7.m4a in Resources */,
				9587C70A280569B300C72733 /* 1-1-6.m4a in Resources */,
				9587C702280569B300C72733 /* 1-1-21.m4a in Resources */,
				9587C704280569B300C72733 /* 1-1-13.m4a in Resources */,
				9587C740280570F200C72733 /* 1-1-29.mp3 in Resources */,
				9587C739280570F200C72733 /* 1-1-16.mp3 in Resources */,
				9587C713280569B300C72733 /* 1-1-23.m4a in Resources */,
				9587C710280569B300C72733 /* 1-1-15.m4a in Resources */,
				9587C70B280569B300C72733 /* 1-1-5.m4a in Resources */,
				9587C70E280569B300C72733 /* 1-1-12.m4a in Resources */,
				9587C71D280569B300C72733 /* 1-1-19.m4a in Resources */,
				9587C73C280570F200C72733 /* 1-1-31.mp3 in Resources */,
				9587C71A280569B300C72733 /* 1-1-37.m4a in Resources */,
				9587C70F280569B300C72733 /* 1-1-8.m4a in Resources */,
				9587C703280569B300C72733 /* 1-1-33.m4a in Resources */,
				9587C715280569B300C72733 /* 1-1-9.m4a in Resources */,
				9587C700280569B300C72733 /* 1-1-10.m4a in Resources */,
				9587C6FF280569B300C72733 /* 1-1-35.m4a in Resources */,
				9587C718280569B300C72733 /* 1-1-14.m4a in Resources */,
				9587C71C280569B300C72733 /* 1-1-40.m4a in Resources */,
				9587C71E280569B300C72733 /* 1-1-25.m4a in Resources */,
				9587C72028056FCF00C72733 /* kolam-air.mp3 in Resources */,
				39C80978280023BB00090ABF /* Main.storyboard in Resources */,
				9587C70C280569B300C72733 /* 1-1-39.m4a in Resources */,
				9587C742280571EA00C72733 /* ceria.mp3 in Resources */,
				9587C706280569B300C72733 /* 1-1-20.m4a in Resources */,
				9587C73B280570F200C72733 /* 1-1-34.mp3 in Resources */,
				9587C73F280570F200C72733 /* 1-1-36.mp3 in Resources */,
				9587C73A280570F200C72733 /* 1-1-27.mp3 in Resources */,
				9587C716280569B300C72733 /* 1-1-22.m4a in Resources */,
				9587C711280569B300C72733 /* 1-1-4.m4a in Resources */,
				9587C719280569B300C72733 /* 1-1-3.m4a in Resources */,
				9587C712280569B300C72733 /* 1-1-18.m4a in Resources */,
			);
			runOnlyForDeploymentPostprocessing = 0;
		};
/* End PBXResourcesBuildPhase section */

/* Begin PBXSourcesBuildPhase section */
		39C80969280023BB00090ABF /* Sources */ = {
			isa = PBXSourcesBuildPhase;
			buildActionMask = 2147483647;
			files = (
				39C80975280023BB00090ABF /* ViewController.swift in Sources */,
				39C80971280023BB00090ABF /* AppDelegate.swift in Sources */,
				39C809C3280035C700090ABF /* ChallengeViewController.swift in Sources */,
				9587C6C92804818200C72733 /* Prompt.swift in Sources */,
				39C809BB2800358500090ABF /* AboutViewController.swift in Sources */,
				39DC7A0F2804394C00F0EE3F /* ChooseStageViewController.swift in Sources */,
				39C809BF2800359C00090ABF /* StageViewController.swift in Sources */,
				39C809BD2800359300090ABF /* SessionViewController.swift in Sources */,
				39C809C1280035A200090ABF /* PlayViewController.swift in Sources */,
				39C80973280023BB00090ABF /* SceneDelegate.swift in Sources */,
				9587C6CB2804823300C72733 /* PromptStage1Feeder.swift in Sources */,
				39C809C5280035CE00090ABF /* ChallengeResultViewController.swift in Sources */,
			);
			runOnlyForDeploymentPostprocessing = 0;
		};
/* End PBXSourcesBuildPhase section */

/* Begin PBXVariantGroup section */
		39C80976280023BB00090ABF /* Main.storyboard */ = {
			isa = PBXVariantGroup;
			children = (
				39C80977280023BB00090ABF /* Base */,
			);
			name = Main.storyboard;
			sourceTree = "<group>";
		};
		39C8097B280023BC00090ABF /* LaunchScreen.storyboard */ = {
			isa = PBXVariantGroup;
			children = (
				39C8097C280023BC00090ABF /* Base */,
			);
			name = LaunchScreen.storyboard;
			sourceTree = "<group>";
		};
/* End PBXVariantGroup section */

/* Begin XCBuildConfiguration section */
		39C8097F280023BC00090ABF /* Debug */ = {
			isa = XCBuildConfiguration;
			buildSettings = {
				ALWAYS_SEARCH_USER_PATHS = NO;
				CLANG_ANALYZER_NONNULL = YES;
				CLANG_ANALYZER_NUMBER_OBJECT_CONVERSION = YES_AGGRESSIVE;
				CLANG_CXX_LANGUAGE_STANDARD = "gnu++17";
				CLANG_CXX_LIBRARY = "libc++";
				CLANG_ENABLE_MODULES = YES;
				CLANG_ENABLE_OBJC_ARC = YES;
				CLANG_ENABLE_OBJC_WEAK = YES;
				CLANG_WARN_BLOCK_CAPTURE_AUTORELEASING = YES;
				CLANG_WARN_BOOL_CONVERSION = YES;
				CLANG_WARN_COMMA = YES;
				CLANG_WARN_CONSTANT_CONVERSION = YES;
				CLANG_WARN_DEPRECATED_OBJC_IMPLEMENTATIONS = YES;
				CLANG_WARN_DIRECT_OBJC_ISA_USAGE = YES_ERROR;
				CLANG_WARN_DOCUMENTATION_COMMENTS = YES;
				CLANG_WARN_EMPTY_BODY = YES;
				CLANG_WARN_ENUM_CONVERSION = YES;
				CLANG_WARN_INFINITE_RECURSION = YES;
				CLANG_WARN_INT_CONVERSION = YES;
				CLANG_WARN_NON_LITERAL_NULL_CONVERSION = YES;
				CLANG_WARN_OBJC_IMPLICIT_RETAIN_SELF = YES;
				CLANG_WARN_OBJC_LITERAL_CONVERSION = YES;
				CLANG_WARN_OBJC_ROOT_CLASS = YES_ERROR;
				CLANG_WARN_QUOTED_INCLUDE_IN_FRAMEWORK_HEADER = YES;
				CLANG_WARN_RANGE_LOOP_ANALYSIS = YES;
				CLANG_WARN_STRICT_PROTOTYPES = YES;
				CLANG_WARN_SUSPICIOUS_MOVE = YES;
				CLANG_WARN_UNGUARDED_AVAILABILITY = YES_AGGRESSIVE;
				CLANG_WARN_UNREACHABLE_CODE = YES;
				CLANG_WARN__DUPLICATE_METHOD_MATCH = YES;
				COPY_PHASE_STRIP = NO;
				DEBUG_INFORMATION_FORMAT = dwarf;
				ENABLE_STRICT_OBJC_MSGSEND = YES;
				ENABLE_TESTABILITY = YES;
				GCC_C_LANGUAGE_STANDARD = gnu11;
				GCC_DYNAMIC_NO_PIC = NO;
				GCC_NO_COMMON_BLOCKS = YES;
				GCC_OPTIMIZATION_LEVEL = 0;
				GCC_PREPROCESSOR_DEFINITIONS = (
					"DEBUG=1",
					"$(inherited)",
				);
				GCC_WARN_64_TO_32_BIT_CONVERSION = YES;
				GCC_WARN_ABOUT_RETURN_TYPE = YES_ERROR;
				GCC_WARN_UNDECLARED_SELECTOR = YES;
				GCC_WARN_UNINITIALIZED_AUTOS = YES_AGGRESSIVE;
				GCC_WARN_UNUSED_FUNCTION = YES;
				GCC_WARN_UNUSED_VARIABLE = YES;
				IPHONEOS_DEPLOYMENT_TARGET = 15.2;
				MTL_ENABLE_DEBUG_INFO = INCLUDE_SOURCE;
				MTL_FAST_MATH = YES;
				ONLY_ACTIVE_ARCH = YES;
				SDKROOT = iphoneos;
				SWIFT_ACTIVE_COMPILATION_CONDITIONS = DEBUG;
				SWIFT_OPTIMIZATION_LEVEL = "-Onone";
			};
			name = Debug;
		};
		39C80980280023BC00090ABF /* Release */ = {
			isa = XCBuildConfiguration;
			buildSettings = {
				ALWAYS_SEARCH_USER_PATHS = NO;
				CLANG_ANALYZER_NONNULL = YES;
				CLANG_ANALYZER_NUMBER_OBJECT_CONVERSION = YES_AGGRESSIVE;
				CLANG_CXX_LANGUAGE_STANDARD = "gnu++17";
				CLANG_CXX_LIBRARY = "libc++";
				CLANG_ENABLE_MODULES = YES;
				CLANG_ENABLE_OBJC_ARC = YES;
				CLANG_ENABLE_OBJC_WEAK = YES;
				CLANG_WARN_BLOCK_CAPTURE_AUTORELEASING = YES;
				CLANG_WARN_BOOL_CONVERSION = YES;
				CLANG_WARN_COMMA = YES;
				CLANG_WARN_CONSTANT_CONVERSION = YES;
				CLANG_WARN_DEPRECATED_OBJC_IMPLEMENTATIONS = YES;
				CLANG_WARN_DIRECT_OBJC_ISA_USAGE = YES_ERROR;
				CLANG_WARN_DOCUMENTATION_COMMENTS = YES;
				CLANG_WARN_EMPTY_BODY = YES;
				CLANG_WARN_ENUM_CONVERSION = YES;
				CLANG_WARN_INFINITE_RECURSION = YES;
				CLANG_WARN_INT_CONVERSION = YES;
				CLANG_WARN_NON_LITERAL_NULL_CONVERSION = YES;
				CLANG_WARN_OBJC_IMPLICIT_RETAIN_SELF = YES;
				CLANG_WARN_OBJC_LITERAL_CONVERSION = YES;
				CLANG_WARN_OBJC_ROOT_CLASS = YES_ERROR;
				CLANG_WARN_QUOTED_INCLUDE_IN_FRAMEWORK_HEADER = YES;
				CLANG_WARN_RANGE_LOOP_ANALYSIS = YES;
				CLANG_WARN_STRICT_PROTOTYPES = YES;
				CLANG_WARN_SUSPICIOUS_MOVE = YES;
				CLANG_WARN_UNGUARDED_AVAILABILITY = YES_AGGRESSIVE;
				CLANG_WARN_UNREACHABLE_CODE = YES;
				CLANG_WARN__DUPLICATE_METHOD_MATCH = YES;
				COPY_PHASE_STRIP = NO;
				DEBUG_INFORMATION_FORMAT = "dwarf-with-dsym";
				ENABLE_NS_ASSERTIONS = NO;
				ENABLE_STRICT_OBJC_MSGSEND = YES;
				GCC_C_LANGUAGE_STANDARD = gnu11;
				GCC_NO_COMMON_BLOCKS = YES;
				GCC_WARN_64_TO_32_BIT_CONVERSION = YES;
				GCC_WARN_ABOUT_RETURN_TYPE = YES_ERROR;
				GCC_WARN_UNDECLARED_SELECTOR = YES;
				GCC_WARN_UNINITIALIZED_AUTOS = YES_AGGRESSIVE;
				GCC_WARN_UNUSED_FUNCTION = YES;
				GCC_WARN_UNUSED_VARIABLE = YES;
				IPHONEOS_DEPLOYMENT_TARGET = 15.2;
				MTL_ENABLE_DEBUG_INFO = NO;
				MTL_FAST_MATH = YES;
				SDKROOT = iphoneos;
				SWIFT_COMPILATION_MODE = wholemodule;
				SWIFT_OPTIMIZATION_LEVEL = "-O";
				VALIDATE_PRODUCT = YES;
			};
			name = Release;
		};
		39C80982280023BC00090ABF /* Debug */ = {
			isa = XCBuildConfiguration;
			buildSettings = {
				ASSETCATALOG_COMPILER_APPICON_NAME = AppIcon;
				ASSETCATALOG_COMPILER_GLOBAL_ACCENT_COLOR_NAME = AccentColor;
				CODE_SIGN_STYLE = Automatic;
				CURRENT_PROJECT_VERSION = 1;
				DEVELOPMENT_TEAM = W6UMVQ97QR;
				GENERATE_INFOPLIST_FILE = YES;
				INFOPLIST_FILE = rereTemanAirku/Info.plist;
				INFOPLIST_KEY_UIApplicationSupportsIndirectInputEvents = YES;
				INFOPLIST_KEY_UILaunchStoryboardName = LaunchScreen;
				INFOPLIST_KEY_UIMainStoryboardFile = Main;
				INFOPLIST_KEY_UISupportedInterfaceOrientations_iPad = "UIInterfaceOrientationPortrait UIInterfaceOrientationPortraitUpsideDown UIInterfaceOrientationLandscapeLeft UIInterfaceOrientationLandscapeRight";
				INFOPLIST_KEY_UISupportedInterfaceOrientations_iPhone = "UIInterfaceOrientationPortrait UIInterfaceOrientationLandscapeLeft UIInterfaceOrientationLandscapeRight";
				LD_RUNPATH_SEARCH_PATHS = (
					"$(inherited)",
					"@executable_path/Frameworks",
				);
				MARKETING_VERSION = 1.0;
				PRODUCT_BUNDLE_IDENTIFIER = H2O.rereTemanAirku;
				PRODUCT_NAME = "$(TARGET_NAME)";
				SWIFT_EMIT_LOC_STRINGS = YES;
				SWIFT_VERSION = 5.0;
				TARGETED_DEVICE_FAMILY = "1,2";
			};
			name = Debug;
		};
		39C80983280023BC00090ABF /* Release */ = {
			isa = XCBuildConfiguration;
			buildSettings = {
				ASSETCATALOG_COMPILER_APPICON_NAME = AppIcon;
				ASSETCATALOG_COMPILER_GLOBAL_ACCENT_COLOR_NAME = AccentColor;
				CODE_SIGN_STYLE = Automatic;
				CURRENT_PROJECT_VERSION = 1;
				DEVELOPMENT_TEAM = W6UMVQ97QR;
				GENERATE_INFOPLIST_FILE = YES;
				INFOPLIST_FILE = rereTemanAirku/Info.plist;
				INFOPLIST_KEY_UIApplicationSupportsIndirectInputEvents = YES;
				INFOPLIST_KEY_UILaunchStoryboardName = LaunchScreen;
				INFOPLIST_KEY_UIMainStoryboardFile = Main;
				INFOPLIST_KEY_UISupportedInterfaceOrientations_iPad = "UIInterfaceOrientationPortrait UIInterfaceOrientationPortraitUpsideDown UIInterfaceOrientationLandscapeLeft UIInterfaceOrientationLandscapeRight";
				INFOPLIST_KEY_UISupportedInterfaceOrientations_iPhone = "UIInterfaceOrientationPortrait UIInterfaceOrientationLandscapeLeft UIInterfaceOrientationLandscapeRight";
				LD_RUNPATH_SEARCH_PATHS = (
					"$(inherited)",
					"@executable_path/Frameworks",
				);
				MARKETING_VERSION = 1.0;
				PRODUCT_BUNDLE_IDENTIFIER = H2O.rereTemanAirku;
				PRODUCT_NAME = "$(TARGET_NAME)";
				SWIFT_EMIT_LOC_STRINGS = YES;
				SWIFT_VERSION = 5.0;
				TARGETED_DEVICE_FAMILY = "1,2";
			};
			name = Release;
		};
/* End XCBuildConfiguration section */

/* Begin XCConfigurationList section */
		39C80968280023BB00090ABF /* Build configuration list for PBXProject "rereTemanAirku" */ = {
			isa = XCConfigurationList;
			buildConfigurations = (
				39C8097F280023BC00090ABF /* Debug */,
				39C80980280023BC00090ABF /* Release */,
			);
			defaultConfigurationIsVisible = 0;
			defaultConfigurationName = Release;
		};
		39C80981280023BC00090ABF /* Build configuration list for PBXNativeTarget "rereTemanAirku" */ = {
			isa = XCConfigurationList;
			buildConfigurations = (
				39C80982280023BC00090ABF /* Debug */,
				39C80983280023BC00090ABF /* Release */,
			);
			defaultConfigurationIsVisible = 0;
			defaultConfigurationName = Release;
		};
/* End XCConfigurationList section */
	};
	rootObject = 39C80965280023BB00090ABF /* Project object */;
}
