// !$*UTF8*$!
{
	archiveVersion = 1;
	classes = {
	};
	objectVersion = 55;
	objects = {

/* Begin PBXBuildFile section */
		39C80971280023BB00090ABF /* AppDelegate.swift in Sources */ = {isa = PBXBuildFile; fileRef = 39C80970280023BB00090ABF /* AppDelegate.swift */; };
		39C80973280023BB00090ABF /* SceneDelegate.swift in Sources */ = {isa = PBXBuildFile; fileRef = 39C80972280023BB00090ABF /* SceneDelegate.swift */; };
		39C80975280023BB00090ABF /* ViewController.swift in Sources */ = {isa = PBXBuildFile; fileRef = 39C80974280023BB00090ABF /* ViewController.swift */; };
		39C80978280023BB00090ABF /* Main.storyboard in Resources */ = {isa = PBXBuildFile; fileRef = 39C80976280023BB00090ABF /* Main.storyboard */; };
		39C8097A280023BC00090ABF /* Assets.xcassets in Resources */ = {isa = PBXBuildFile; fileRef = 39C80979280023BC00090ABF /* Assets.xcassets */; };
		39C8097D280023BC00090ABF /* LaunchScreen.storyboard in Resources */ = {isa = PBXBuildFile; fileRef = 39C8097B280023BC00090ABF /* LaunchScreen.storyboard */; };
		39C809BB2800358500090ABF /* AboutViewController.swift in Sources */ = {isa = PBXBuildFile; fileRef = 39C809BA2800358500090ABF /* AboutViewController.swift */; };
		39C809BD2800359300090ABF /* SessionViewController.swift in Sources */ = {isa = PBXBuildFile; fileRef = 39C809BC2800359300090ABF /* SessionViewController.swift */; };
		39C809BF2800359C00090ABF /* StageViewController.swift in Sources */ = {isa = PBXBuildFile; fileRef = 39C809BE2800359C00090ABF /* StageViewController.swift */; };
		39C809C1280035A200090ABF /* PlayViewController.swift in Sources */ = {isa = PBXBuildFile; fileRef = 39C809C0280035A200090ABF /* PlayViewController.swift */; };
		39C809C3280035C700090ABF /* ChallengeViewController.swift in Sources */ = {isa = PBXBuildFile; fileRef = 39C809C2280035C700090ABF /* ChallengeViewController.swift */; };
		39C809C5280035CE00090ABF /* ChallengeResultViewController.swift in Sources */ = {isa = PBXBuildFile; fileRef = 39C809C4280035CE00090ABF /* ChallengeResultViewController.swift */; };
		39DC7A0F2804394C00F0EE3F /* ChooseStageViewController.swift in Sources */ = {isa = PBXBuildFile; fileRef = 39DC7A0E2804394C00F0EE3F /* ChooseStageViewController.swift */; };
		39F2A66B2806D2C900F54B11 /* gifLoader.swift in Sources */ = {isa = PBXBuildFile; fileRef = 39F2A66A2806D2C900F54B11 /* gifLoader.swift */; };
		39F2A69D2806D58000F54B11 /* 1-1-13.m4a in Resources */ = {isa = PBXBuildFile; fileRef = 39F2A66C2806D57F00F54B11 /* 1-1-13.m4a */; };
		39F2A69E2806D58000F54B11 /* 1-1-16.m4a in Resources */ = {isa = PBXBuildFile; fileRef = 39F2A66D2806D57F00F54B11 /* 1-1-16.m4a */; };
		39F2A69F2806D58000F54B11 /* 1-1-10.m4a in Resources */ = {isa = PBXBuildFile; fileRef = 39F2A66E2806D57F00F54B11 /* 1-1-10.m4a */; };
		39F2A6A02806D58000F54B11 /* 1-1-12.m4a in Resources */ = {isa = PBXBuildFile; fileRef = 39F2A66F2806D57F00F54B11 /* 1-1-12.m4a */; };
		39F2A6A12806D58000F54B11 /* 1-1-35.m4a in Resources */ = {isa = PBXBuildFile; fileRef = 39F2A6702806D57F00F54B11 /* 1-1-35.m4a */; };
		39F2A6A22806D58000F54B11 /* 1-1-17.m4a in Resources */ = {isa = PBXBuildFile; fileRef = 39F2A6712806D57F00F54B11 /* 1-1-17.m4a */; };
		39F2A6A32806D58000F54B11 /* 1-1-3.m4a in Resources */ = {isa = PBXBuildFile; fileRef = 39F2A6722806D57F00F54B11 /* 1-1-3.m4a */; };
		39F2A6A42806D58000F54B11 /* 1-1-2.m4a in Resources */ = {isa = PBXBuildFile; fileRef = 39F2A6732806D57F00F54B11 /* 1-1-2.m4a */; };
		39F2A6A52806D58000F54B11 /* 1-1-1.m4a in Resources */ = {isa = PBXBuildFile; fileRef = 39F2A6742806D57F00F54B11 /* 1-1-1.m4a */; };
		39F2A6A62806D58000F54B11 /* 1-1-31.m4a in Resources */ = {isa = PBXBuildFile; fileRef = 39F2A6752806D57F00F54B11 /* 1-1-31.m4a */; };
		39F2A6A72806D58000F54B11 /* happy.m4a in Resources */ = {isa = PBXBuildFile; fileRef = 39F2A6762806D57F00F54B11 /* happy.m4a */; };
		39F2A6A82806D58000F54B11 /* Challenge - Kids.m4a in Resources */ = {isa = PBXBuildFile; fileRef = 39F2A6772806D57F00F54B11 /* Challenge - Kids.m4a */; };
		39F2A6A92806D58000F54B11 /* Challenge Result - Luar Biasa.m4a in Resources */ = {isa = PBXBuildFile; fileRef = 39F2A6782806D57F00F54B11 /* Challenge Result - Luar Biasa.m4a */; };
		39F2A6AA2806D58000F54B11 /* Challenge Result - Hebat.m4a in Resources */ = {isa = PBXBuildFile; fileRef = 39F2A6792806D57F00F54B11 /* Challenge Result - Hebat.m4a */; };
		39F2A6AB2806D58000F54B11 /* 1-1-36.m4a in Resources */ = {isa = PBXBuildFile; fileRef = 39F2A67A2806D57F00F54B11 /* 1-1-36.m4a */; };
		39F2A6AC2806D58000F54B11 /* 1-1-26.m4a in Resources */ = {isa = PBXBuildFile; fileRef = 39F2A67B2806D57F00F54B11 /* 1-1-26.m4a */; };
		39F2A6AD2806D58000F54B11 /* 1-1-29.m4a in Resources */ = {isa = PBXBuildFile; fileRef = 39F2A67C2806D57F00F54B11 /* 1-1-29.m4a */; };
		39F2A6AE2806D58000F54B11 /* 1-1-18.m4a in Resources */ = {isa = PBXBuildFile; fileRef = 39F2A67D2806D57F00F54B11 /* 1-1-18.m4a */; };
		39F2A6AF2806D58000F54B11 /* 1-1-14.m4a in Resources */ = {isa = PBXBuildFile; fileRef = 39F2A67E2806D57F00F54B11 /* 1-1-14.m4a */; };
		39F2A6B02806D58000F54B11 /* 1-1-4.m4a in Resources */ = {isa = PBXBuildFile; fileRef = 39F2A67F2806D57F00F54B11 /* 1-1-4.m4a */; };
		39F2A6B12806D58000F54B11 /* 1-1-32.m4a in Resources */ = {isa = PBXBuildFile; fileRef = 39F2A6802806D57F00F54B11 /* 1-1-32.m4a */; };
		39F2A6B22806D58000F54B11 /* 1-1-11.m4a in Resources */ = {isa = PBXBuildFile; fileRef = 39F2A6812806D57F00F54B11 /* 1-1-11.m4a */; };
		39F2A6B32806D58000F54B11 /* 1-1-22.m4a in Resources */ = {isa = PBXBuildFile; fileRef = 39F2A6822806D57F00F54B11 /* 1-1-22.m4a */; };
		39F2A6B42806D58000F54B11 /* 1-1-30.m4a in Resources */ = {isa = PBXBuildFile; fileRef = 39F2A6832806D57F00F54B11 /* 1-1-30.m4a */; };
		39F2A6B52806D58000F54B11 /* ceria.m4a in Resources */ = {isa = PBXBuildFile; fileRef = 39F2A6842806D57F00F54B11 /* ceria.m4a */; };
		39F2A6B62806D58000F54B11 /* Challenge - Papa Mama.m4a in Resources */ = {isa = PBXBuildFile; fileRef = 39F2A6852806D57F00F54B11 /* Challenge - Papa Mama.m4a */; };
		39F2A6B72806D58000F54B11 /* 1-1-40.m4a in Resources */ = {isa = PBXBuildFile; fileRef = 39F2A6862806D57F00F54B11 /* 1-1-40.m4a */; };
		39F2A6B82806D58000F54B11 /* 1-1-25.m4a in Resources */ = {isa = PBXBuildFile; fileRef = 39F2A6872806D57F00F54B11 /* 1-1-25.m4a */; };
		39F2A6B92806D58000F54B11 /* 1-1-23.m4a in Resources */ = {isa = PBXBuildFile; fileRef = 39F2A6882806D57F00F54B11 /* 1-1-23.m4a */; };
		39F2A6BA2806D58000F54B11 /* 1-1-39.m4a in Resources */ = {isa = PBXBuildFile; fileRef = 39F2A6892806D57F00F54B11 /* 1-1-39.m4a */; };
		39F2A6BB2806D58000F54B11 /* 1-1-37.m4a in Resources */ = {isa = PBXBuildFile; fileRef = 39F2A68A2806D57F00F54B11 /* 1-1-37.m4a */; };
		39F2A6BC2806D58000F54B11 /* 1-1-9.m4a in Resources */ = {isa = PBXBuildFile; fileRef = 39F2A68B2806D57F00F54B11 /* 1-1-9.m4a */; };
		39F2A6BD2806D58000F54B11 /* 1-1-33.m4a in Resources */ = {isa = PBXBuildFile; fileRef = 39F2A68C2806D57F00F54B11 /* 1-1-33.m4a */; };
		39F2A6BE2806D58000F54B11 /* 1-1-34.m4a in Resources */ = {isa = PBXBuildFile; fileRef = 39F2A68D2806D57F00F54B11 /* 1-1-34.m4a */; };
		39F2A6BF2806D58000F54B11 /* 1-1-38.m4a in Resources */ = {isa = PBXBuildFile; fileRef = 39F2A68E2806D57F00F54B11 /* 1-1-38.m4a */; };
		39F2A6C02806D58000F54B11 /* 1-1-21.m4a in Resources */ = {isa = PBXBuildFile; fileRef = 39F2A68F2806D57F00F54B11 /* 1-1-21.m4a */; };
		39F2A6C12806D58000F54B11 /* 1-1-5.m4a in Resources */ = {isa = PBXBuildFile; fileRef = 39F2A6902806D57F00F54B11 /* 1-1-5.m4a */; };
		39F2A6C22806D58000F54B11 /* 1-1-8.m4a in Resources */ = {isa = PBXBuildFile; fileRef = 39F2A6912806D58000F54B11 /* 1-1-8.m4a */; };
		39F2A6C32806D58000F54B11 /* 1-1-15.m4a in Resources */ = {isa = PBXBuildFile; fileRef = 39F2A6922806D58000F54B11 /* 1-1-15.m4a */; };
		39F2A6C42806D58000F54B11 /* 1-1-27.m4a in Resources */ = {isa = PBXBuildFile; fileRef = 39F2A6932806D58000F54B11 /* 1-1-27.m4a */; };
		39F2A6C52806D58000F54B11 /* 1-1-6.m4a in Resources */ = {isa = PBXBuildFile; fileRef = 39F2A6942806D58000F54B11 /* 1-1-6.m4a */; };
		39F2A6C62806D58000F54B11 /* 1-1-28.m4a in Resources */ = {isa = PBXBuildFile; fileRef = 39F2A6952806D58000F54B11 /* 1-1-28.m4a */; };
		39F2A6C72806D58000F54B11 /* 1-1-24.m4a in Resources */ = {isa = PBXBuildFile; fileRef = 39F2A6962806D58000F54B11 /* 1-1-24.m4a */; };
		39F2A6C82806D58000F54B11 /* 1-1-7.m4a in Resources */ = {isa = PBXBuildFile; fileRef = 39F2A6972806D58000F54B11 /* 1-1-7.m4a */; };
		39F2A6C92806D58000F54B11 /* 1-1-20.m4a in Resources */ = {isa = PBXBuildFile; fileRef = 39F2A6982806D58000F54B11 /* 1-1-20.m4a */; };
		39F2A6CA2806D58000F54B11 /* 1-1-19.m4a in Resources */ = {isa = PBXBuildFile; fileRef = 39F2A6992806D58000F54B11 /* 1-1-19.m4a */; };
		39F2A6CB2806D58000F54B11 /* kolam-air.m4a in Resources */ = {isa = PBXBuildFile; fileRef = 39F2A69A2806D58000F54B11 /* kolam-air.m4a */; };
		39F2A6CC2806D58000F54B11 /* Challenge Result - Main Lagi? - Stage.m4a in Resources */ = {isa = PBXBuildFile; fileRef = 39F2A69B2806D58000F54B11 /* Challenge Result - Main Lagi? - Stage.m4a */; };
		39F2A6CD2806D58000F54B11 /* Challenge Result - Main Lagi? - Sesi.m4a in Resources */ = {isa = PBXBuildFile; fileRef = 39F2A69C2806D58000F54B11 /* Challenge Result - Main Lagi? - Sesi.m4a */; };
		39F2A6D828070E3300F54B11 /* gif-sad.gif in Resources */ = {isa = PBXBuildFile; fileRef = 39F2A6D428070E3100F54B11 /* gif-sad.gif */; };
		39F2A6D928070E3400F54B11 /* gif-lompat.gif in Resources */ = {isa = PBXBuildFile; fileRef = 39F2A6D528070E3100F54B11 /* gif-lompat.gif */; };
		39F2A6DA28070E3500F54B11 /* gif-clap.gif in Resources */ = {isa = PBXBuildFile; fileRef = 39F2A6D628070E3200F54B11 /* gif-clap.gif */; };
		39F2A6DB28070E3500F54B11 /* gif-wave-playpage.gif in Resources */ = {isa = PBXBuildFile; fileRef = 39F2A6D728070E3200F54B11 /* gif-wave-playpage.gif */; };
		9587C6C92804818200C72733 /* Prompt.swift in Sources */ = {isa = PBXBuildFile; fileRef = 9587C6C82804818200C72733 /* Prompt.swift */; };
		9587C6CB2804823300C72733 /* PromptStage1Feeder.swift in Sources */ = {isa = PBXBuildFile; fileRef = 9587C6CA2804823300C72733 /* PromptStage1Feeder.swift */; };
		9587C6D8280561A300C72733 /* AVFoundation.framework in Frameworks */ = {isa = PBXBuildFile; fileRef = 9587C6D7280561A300C72733 /* AVFoundation.framework */; };
		9587C75C2806927300C72733 /* Quiz.swift in Sources */ = {isa = PBXBuildFile; fileRef = 9587C75B2806927300C72733 /* Quiz.swift */; };
		9587C75E2806928E00C72733 /* QuizStage1Feeder.swift in Sources */ = {isa = PBXBuildFile; fileRef = 9587C75D2806928E00C72733 /* QuizStage1Feeder.swift */; };
		9587C7642806D89000C72733 /* Challenge.m4a in Resources */ = {isa = PBXBuildFile; fileRef = 9587C7632806D89000C72733 /* Challenge.m4a */; };
		9587C7902806DAA500C72733 /* kolam-air.m4a in Resources */ = {isa = PBXBuildFile; fileRef = 9587C7652806DAA200C72733 /* kolam-air.m4a */; };
		9587C7912806DAA500C72733 /* 1-1-1.m4a in Resources */ = {isa = PBXBuildFile; fileRef = 9587C7662806DAA200C72733 /* 1-1-1.m4a */; };
		9587C7922806DAA500C72733 /* 1-1-19.m4a in Resources */ = {isa = PBXBuildFile; fileRef = 9587C7672806DAA200C72733 /* 1-1-19.m4a */; };
		9587C7932806DAA500C72733 /* 1-1-4.m4a in Resources */ = {isa = PBXBuildFile; fileRef = 9587C7682806DAA200C72733 /* 1-1-4.m4a */; };
		9587C7942806DAA500C72733 /* 1-1-10.m4a in Resources */ = {isa = PBXBuildFile; fileRef = 9587C7692806DAA200C72733 /* 1-1-10.m4a */; };
		9587C7952806DAA500C72733 /* 1-1-38.m4a in Resources */ = {isa = PBXBuildFile; fileRef = 9587C76A2806DAA200C72733 /* 1-1-38.m4a */; };
		9587C7962806DAA500C72733 /* 1-1-9.m4a in Resources */ = {isa = PBXBuildFile; fileRef = 9587C76B2806DAA200C72733 /* 1-1-9.m4a */; };
		9587C7972806DAA500C72733 /* 1-1-26.m4a in Resources */ = {isa = PBXBuildFile; fileRef = 9587C76C2806DAA200C72733 /* 1-1-26.m4a */; };
		9587C7982806DAA500C72733 /* 1-1-40.m4a in Resources */ = {isa = PBXBuildFile; fileRef = 9587C76D2806DAA200C72733 /* 1-1-40.m4a */; };
		9587C7992806DAA500C72733 /* happy.m4a in Resources */ = {isa = PBXBuildFile; fileRef = 9587C76E2806DAA200C72733 /* happy.m4a */; };
		9587C79A2806DAA500C72733 /* 1-1-24.m4a in Resources */ = {isa = PBXBuildFile; fileRef = 9587C76F2806DAA300C72733 /* 1-1-24.m4a */; };
		9587C79B2806DAA500C72733 /* 1-1-33.m4a in Resources */ = {isa = PBXBuildFile; fileRef = 9587C7702806DAA300C72733 /* 1-1-33.m4a */; };
		9587C79C2806DAA500C72733 /* 1-1-17.m4a in Resources */ = {isa = PBXBuildFile; fileRef = 9587C7712806DAA300C72733 /* 1-1-17.m4a */; };
		9587C79D2806DAA500C72733 /* 1-1-35.m4a in Resources */ = {isa = PBXBuildFile; fileRef = 9587C7722806DAA300C72733 /* 1-1-35.m4a */; };
		9587C79E2806DAA500C72733 /* 1-1-20.m4a in Resources */ = {isa = PBXBuildFile; fileRef = 9587C7732806DAA300C72733 /* 1-1-20.m4a */; };
		9587C79F2806DAA500C72733 /* 1-1-13.m4a in Resources */ = {isa = PBXBuildFile; fileRef = 9587C7742806DAA300C72733 /* 1-1-13.m4a */; };
		9587C7A02806DAA500C72733 /* 1-1-14.m4a in Resources */ = {isa = PBXBuildFile; fileRef = 9587C7752806DAA300C72733 /* 1-1-14.m4a */; };
		9587C7A12806DAA500C72733 /* 1-1-5.m4a in Resources */ = {isa = PBXBuildFile; fileRef = 9587C7762806DAA300C72733 /* 1-1-5.m4a */; };
		9587C7A22806DAA500C72733 /* 1-1-27.m4a in Resources */ = {isa = PBXBuildFile; fileRef = 9587C7772806DAA300C72733 /* 1-1-27.m4a */; };
		9587C7A32806DAA500C72733 /* 1-1-36.m4a in Resources */ = {isa = PBXBuildFile; fileRef = 9587C7782806DAA300C72733 /* 1-1-36.m4a */; };
		9587C7A42806DAA500C72733 /* 1-1-11.m4a in Resources */ = {isa = PBXBuildFile; fileRef = 9587C7792806DAA300C72733 /* 1-1-11.m4a */; };
		9587C7A52806DAA500C72733 /* 1-1-37.m4a in Resources */ = {isa = PBXBuildFile; fileRef = 9587C77A2806DAA300C72733 /* 1-1-37.m4a */; };
		9587C7A62806DAA500C72733 /* 1-1-22.m4a in Resources */ = {isa = PBXBuildFile; fileRef = 9587C77B2806DAA300C72733 /* 1-1-22.m4a */; };
		9587C7A72806DAA500C72733 /* 1-1-3.m4a in Resources */ = {isa = PBXBuildFile; fileRef = 9587C77C2806DAA400C72733 /* 1-1-3.m4a */; };
		9587C7A82806DAA500C72733 /* 1-1-29.m4a in Resources */ = {isa = PBXBuildFile; fileRef = 9587C77D2806DAA400C72733 /* 1-1-29.m4a */; };
		9587C7A92806DAA500C72733 /* 1-1-18.m4a in Resources */ = {isa = PBXBuildFile; fileRef = 9587C77E2806DAA400C72733 /* 1-1-18.m4a */; };
		9587C7AA2806DAA500C72733 /* ceria.m4a in Resources */ = {isa = PBXBuildFile; fileRef = 9587C77F2806DAA400C72733 /* ceria.m4a */; };
		9587C7AB2806DAA500C72733 /* 1-1-32.m4a in Resources */ = {isa = PBXBuildFile; fileRef = 9587C7802806DAA400C72733 /* 1-1-32.m4a */; };
		9587C7AC2806DAA500C72733 /* 1-1-34.m4a in Resources */ = {isa = PBXBuildFile; fileRef = 9587C7812806DAA400C72733 /* 1-1-34.m4a */; };
		9587C7AD2806DAA500C72733 /* 1-1-6.m4a in Resources */ = {isa = PBXBuildFile; fileRef = 9587C7822806DAA400C72733 /* 1-1-6.m4a */; };
		9587C7AE2806DAA500C72733 /* 1-1-15.m4a in Resources */ = {isa = PBXBuildFile; fileRef = 9587C7832806DAA400C72733 /* 1-1-15.m4a */; };
		9587C7AF2806DAA500C72733 /* 1-1-2.m4a in Resources */ = {isa = PBXBuildFile; fileRef = 9587C7842806DAA400C72733 /* 1-1-2.m4a */; };
		9587C7B02806DAA500C72733 /* 1-1-23.m4a in Resources */ = {isa = PBXBuildFile; fileRef = 9587C7852806DAA400C72733 /* 1-1-23.m4a */; };
		9587C7B12806DAA500C72733 /* 1-1-12.m4a in Resources */ = {isa = PBXBuildFile; fileRef = 9587C7862806DAA400C72733 /* 1-1-12.m4a */; };
		9587C7B22806DAA500C72733 /* 1-1-7.m4a in Resources */ = {isa = PBXBuildFile; fileRef = 9587C7872806DAA400C72733 /* 1-1-7.m4a */; };
		9587C7B32806DAA500C72733 /* 1-1-21.m4a in Resources */ = {isa = PBXBuildFile; fileRef = 9587C7882806DAA400C72733 /* 1-1-21.m4a */; };
		9587C7B42806DAA500C72733 /* 1-1-25.m4a in Resources */ = {isa = PBXBuildFile; fileRef = 9587C7892806DAA400C72733 /* 1-1-25.m4a */; };
		9587C7B52806DAA500C72733 /* 1-1-39.m4a in Resources */ = {isa = PBXBuildFile; fileRef = 9587C78A2806DAA400C72733 /* 1-1-39.m4a */; };
		9587C7B62806DAA500C72733 /* 1-1-28.m4a in Resources */ = {isa = PBXBuildFile; fileRef = 9587C78B2806DAA500C72733 /* 1-1-28.m4a */; };
		9587C7B72806DAA500C72733 /* 1-1-31.m4a in Resources */ = {isa = PBXBuildFile; fileRef = 9587C78C2806DAA500C72733 /* 1-1-31.m4a */; };
		9587C7B82806DAA500C72733 /* 1-1-30.m4a in Resources */ = {isa = PBXBuildFile; fileRef = 9587C78D2806DAA500C72733 /* 1-1-30.m4a */; };
		9587C7B92806DAA500C72733 /* 1-1-16.m4a in Resources */ = {isa = PBXBuildFile; fileRef = 9587C78E2806DAA500C72733 /* 1-1-16.m4a */; };
		9587C7BA2806DAA500C72733 /* 1-1-8.m4a in Resources */ = {isa = PBXBuildFile; fileRef = 9587C78F2806DAA500C72733 /* 1-1-8.m4a */; };
		9587C7BF28070B4300C72733 /* gif-lompat.gif in Resources */ = {isa = PBXBuildFile; fileRef = 9587C7BB28070B4300C72733 /* gif-lompat.gif */; };
		9587C7C028070B4300C72733 /* gif-clap.gif in Resources */ = {isa = PBXBuildFile; fileRef = 9587C7BC28070B4300C72733 /* gif-clap.gif */; };
		9587C7C128070B4300C72733 /* gif-sad.gif in Resources */ = {isa = PBXBuildFile; fileRef = 9587C7BD28070B4300C72733 /* gif-sad.gif */; };
		9587C7C228070B4300C72733 /* gif-wave-playpage.gif in Resources */ = {isa = PBXBuildFile; fileRef = 9587C7BE28070B4300C72733 /* gif-wave-playpage.gif */; };
/* End PBXBuildFile section */

/* Begin PBXFileReference section */
		39C8096D280023BB00090ABF /* rereTemanAirku.app */ = {isa = PBXFileReference; explicitFileType = wrapper.application; includeInIndex = 0; path = rereTemanAirku.app; sourceTree = BUILT_PRODUCTS_DIR; };
		39C80970280023BB00090ABF /* AppDelegate.swift */ = {isa = PBXFileReference; lastKnownFileType = sourcecode.swift; path = AppDelegate.swift; sourceTree = "<group>"; };
		39C80972280023BB00090ABF /* SceneDelegate.swift */ = {isa = PBXFileReference; lastKnownFileType = sourcecode.swift; path = SceneDelegate.swift; sourceTree = "<group>"; };
		39C80974280023BB00090ABF /* ViewController.swift */ = {isa = PBXFileReference; lastKnownFileType = sourcecode.swift; path = ViewController.swift; sourceTree = "<group>"; };
		39C80977280023BB00090ABF /* Base */ = {isa = PBXFileReference; lastKnownFileType = file.storyboard; name = Base; path = Base.lproj/Main.storyboard; sourceTree = "<group>"; };
		39C80979280023BC00090ABF /* Assets.xcassets */ = {isa = PBXFileReference; lastKnownFileType = folder.assetcatalog; path = Assets.xcassets; sourceTree = "<group>"; };
		39C8097C280023BC00090ABF /* Base */ = {isa = PBXFileReference; lastKnownFileType = file.storyboard; name = Base; path = Base.lproj/LaunchScreen.storyboard; sourceTree = "<group>"; };
		39C8097E280023BC00090ABF /* Info.plist */ = {isa = PBXFileReference; lastKnownFileType = text.plist.xml; path = Info.plist; sourceTree = "<group>"; };
		39C809BA2800358500090ABF /* AboutViewController.swift */ = {isa = PBXFileReference; lastKnownFileType = sourcecode.swift; path = AboutViewController.swift; sourceTree = "<group>"; };
		39C809BC2800359300090ABF /* SessionViewController.swift */ = {isa = PBXFileReference; lastKnownFileType = sourcecode.swift; path = SessionViewController.swift; sourceTree = "<group>"; };
		39C809BE2800359C00090ABF /* StageViewController.swift */ = {isa = PBXFileReference; lastKnownFileType = sourcecode.swift; path = StageViewController.swift; sourceTree = "<group>"; };
		39C809C0280035A200090ABF /* PlayViewController.swift */ = {isa = PBXFileReference; lastKnownFileType = sourcecode.swift; path = PlayViewController.swift; sourceTree = "<group>"; };
		39C809C2280035C700090ABF /* ChallengeViewController.swift */ = {isa = PBXFileReference; lastKnownFileType = sourcecode.swift; path = ChallengeViewController.swift; sourceTree = "<group>"; };
		39C809C4280035CE00090ABF /* ChallengeResultViewController.swift */ = {isa = PBXFileReference; lastKnownFileType = sourcecode.swift; path = ChallengeResultViewController.swift; sourceTree = "<group>"; };
		39DC7A0E2804394C00F0EE3F /* ChooseStageViewController.swift */ = {isa = PBXFileReference; lastKnownFileType = sourcecode.swift; path = ChooseStageViewController.swift; sourceTree = "<group>"; };
		39F2A66A2806D2C900F54B11 /* gifLoader.swift */ = {isa = PBXFileReference; lastKnownFileType = sourcecode.swift; path = gifLoader.swift; sourceTree = "<group>"; };
		39F2A66C2806D57F00F54B11 /* 1-1-13.m4a */ = {isa = PBXFileReference; lastKnownFileType = file; name = "1-1-13.m4a"; path = "../../../Dropbox (DeveloperAcademy-ID)/Voice Over - Rere (1)/1-1-13.m4a"; sourceTree = "<group>"; };
		39F2A66D2806D57F00F54B11 /* 1-1-16.m4a */ = {isa = PBXFileReference; lastKnownFileType = file; name = "1-1-16.m4a"; path = "../../../Dropbox (DeveloperAcademy-ID)/Voice Over - Rere (1)/1-1-16.m4a"; sourceTree = "<group>"; };
		39F2A66E2806D57F00F54B11 /* 1-1-10.m4a */ = {isa = PBXFileReference; lastKnownFileType = file; name = "1-1-10.m4a"; path = "../../../Dropbox (DeveloperAcademy-ID)/Voice Over - Rere (1)/1-1-10.m4a"; sourceTree = "<group>"; };
		39F2A66F2806D57F00F54B11 /* 1-1-12.m4a */ = {isa = PBXFileReference; lastKnownFileType = file; name = "1-1-12.m4a"; path = "../../../Dropbox (DeveloperAcademy-ID)/Voice Over - Rere (1)/1-1-12.m4a"; sourceTree = "<group>"; };
		39F2A6702806D57F00F54B11 /* 1-1-35.m4a */ = {isa = PBXFileReference; lastKnownFileType = file; name = "1-1-35.m4a"; path = "../../../Dropbox (DeveloperAcademy-ID)/Voice Over - Rere (1)/1-1-35.m4a"; sourceTree = "<group>"; };
		39F2A6712806D57F00F54B11 /* 1-1-17.m4a */ = {isa = PBXFileReference; lastKnownFileType = file; name = "1-1-17.m4a"; path = "../../../Dropbox (DeveloperAcademy-ID)/Voice Over - Rere (1)/1-1-17.m4a"; sourceTree = "<group>"; };
		39F2A6722806D57F00F54B11 /* 1-1-3.m4a */ = {isa = PBXFileReference; lastKnownFileType = file; name = "1-1-3.m4a"; path = "../../../Dropbox (DeveloperAcademy-ID)/Voice Over - Rere (1)/1-1-3.m4a"; sourceTree = "<group>"; };
		39F2A6732806D57F00F54B11 /* 1-1-2.m4a */ = {isa = PBXFileReference; lastKnownFileType = file; name = "1-1-2.m4a"; path = "../../../Dropbox (DeveloperAcademy-ID)/Voice Over - Rere (1)/1-1-2.m4a"; sourceTree = "<group>"; };
		39F2A6742806D57F00F54B11 /* 1-1-1.m4a */ = {isa = PBXFileReference; lastKnownFileType = file; name = "1-1-1.m4a"; path = "../../../Dropbox (DeveloperAcademy-ID)/Voice Over - Rere (1)/1-1-1.m4a"; sourceTree = "<group>"; };
		39F2A6752806D57F00F54B11 /* 1-1-31.m4a */ = {isa = PBXFileReference; lastKnownFileType = file; name = "1-1-31.m4a"; path = "../../../Dropbox (DeveloperAcademy-ID)/Voice Over - Rere (1)/1-1-31.m4a"; sourceTree = "<group>"; };
		39F2A6762806D57F00F54B11 /* happy.m4a */ = {isa = PBXFileReference; lastKnownFileType = file; name = happy.m4a; path = "../../../Dropbox (DeveloperAcademy-ID)/Voice Over - Rere (1)/happy.m4a"; sourceTree = "<group>"; };
		39F2A6772806D57F00F54B11 /* Challenge - Kids.m4a */ = {isa = PBXFileReference; lastKnownFileType = file; name = "Challenge - Kids.m4a"; path = "../../../Dropbox (DeveloperAcademy-ID)/Voice Over - Rere (1)/Challenge - Kids.m4a"; sourceTree = "<group>"; };
		39F2A6782806D57F00F54B11 /* Challenge Result - Luar Biasa.m4a */ = {isa = PBXFileReference; lastKnownFileType = file; name = "Challenge Result - Luar Biasa.m4a"; path = "../../../Dropbox (DeveloperAcademy-ID)/Voice Over - Rere (1)/Challenge Result - Luar Biasa.m4a"; sourceTree = "<group>"; };
		39F2A6792806D57F00F54B11 /* Challenge Result - Hebat.m4a */ = {isa = PBXFileReference; lastKnownFileType = file; name = "Challenge Result - Hebat.m4a"; path = "../../../Dropbox (DeveloperAcademy-ID)/Voice Over - Rere (1)/Challenge Result - Hebat.m4a"; sourceTree = "<group>"; };
		39F2A67A2806D57F00F54B11 /* 1-1-36.m4a */ = {isa = PBXFileReference; lastKnownFileType = file; name = "1-1-36.m4a"; path = "../../../Dropbox (DeveloperAcademy-ID)/Voice Over - Rere (1)/1-1-36.m4a"; sourceTree = "<group>"; };
		39F2A67B2806D57F00F54B11 /* 1-1-26.m4a */ = {isa = PBXFileReference; lastKnownFileType = file; name = "1-1-26.m4a"; path = "../../../Dropbox (DeveloperAcademy-ID)/Voice Over - Rere (1)/1-1-26.m4a"; sourceTree = "<group>"; };
		39F2A67C2806D57F00F54B11 /* 1-1-29.m4a */ = {isa = PBXFileReference; lastKnownFileType = file; name = "1-1-29.m4a"; path = "../../../Dropbox (DeveloperAcademy-ID)/Voice Over - Rere (1)/1-1-29.m4a"; sourceTree = "<group>"; };
		39F2A67D2806D57F00F54B11 /* 1-1-18.m4a */ = {isa = PBXFileReference; lastKnownFileType = file; name = "1-1-18.m4a"; path = "../../../Dropbox (DeveloperAcademy-ID)/Voice Over - Rere (1)/1-1-18.m4a"; sourceTree = "<group>"; };
		39F2A67E2806D57F00F54B11 /* 1-1-14.m4a */ = {isa = PBXFileReference; lastKnownFileType = file; name = "1-1-14.m4a"; path = "../../../Dropbox (DeveloperAcademy-ID)/Voice Over - Rere (1)/1-1-14.m4a"; sourceTree = "<group>"; };
		39F2A67F2806D57F00F54B11 /* 1-1-4.m4a */ = {isa = PBXFileReference; lastKnownFileType = file; name = "1-1-4.m4a"; path = "../../../Dropbox (DeveloperAcademy-ID)/Voice Over - Rere (1)/1-1-4.m4a"; sourceTree = "<group>"; };
		39F2A6802806D57F00F54B11 /* 1-1-32.m4a */ = {isa = PBXFileReference; lastKnownFileType = file; name = "1-1-32.m4a"; path = "../../../Dropbox (DeveloperAcademy-ID)/Voice Over - Rere (1)/1-1-32.m4a"; sourceTree = "<group>"; };
		39F2A6812806D57F00F54B11 /* 1-1-11.m4a */ = {isa = PBXFileReference; lastKnownFileType = file; name = "1-1-11.m4a"; path = "../../../Dropbox (DeveloperAcademy-ID)/Voice Over - Rere (1)/1-1-11.m4a"; sourceTree = "<group>"; };
		39F2A6822806D57F00F54B11 /* 1-1-22.m4a */ = {isa = PBXFileReference; lastKnownFileType = file; name = "1-1-22.m4a"; path = "../../../Dropbox (DeveloperAcademy-ID)/Voice Over - Rere (1)/1-1-22.m4a"; sourceTree = "<group>"; };
		39F2A6832806D57F00F54B11 /* 1-1-30.m4a */ = {isa = PBXFileReference; lastKnownFileType = file; name = "1-1-30.m4a"; path = "../../../Dropbox (DeveloperAcademy-ID)/Voice Over - Rere (1)/1-1-30.m4a"; sourceTree = "<group>"; };
		39F2A6842806D57F00F54B11 /* ceria.m4a */ = {isa = PBXFileReference; lastKnownFileType = file; name = ceria.m4a; path = "../../../Dropbox (DeveloperAcademy-ID)/Voice Over - Rere (1)/ceria.m4a"; sourceTree = "<group>"; };
		39F2A6852806D57F00F54B11 /* Challenge - Papa Mama.m4a */ = {isa = PBXFileReference; lastKnownFileType = file; name = "Challenge - Papa Mama.m4a"; path = "../../../Dropbox (DeveloperAcademy-ID)/Voice Over - Rere (1)/Challenge - Papa Mama.m4a"; sourceTree = "<group>"; };
		39F2A6862806D57F00F54B11 /* 1-1-40.m4a */ = {isa = PBXFileReference; lastKnownFileType = file; name = "1-1-40.m4a"; path = "../../../Dropbox (DeveloperAcademy-ID)/Voice Over - Rere (1)/1-1-40.m4a"; sourceTree = "<group>"; };
		39F2A6872806D57F00F54B11 /* 1-1-25.m4a */ = {isa = PBXFileReference; lastKnownFileType = file; name = "1-1-25.m4a"; path = "../../../Dropbox (DeveloperAcademy-ID)/Voice Over - Rere (1)/1-1-25.m4a"; sourceTree = "<group>"; };
		39F2A6882806D57F00F54B11 /* 1-1-23.m4a */ = {isa = PBXFileReference; lastKnownFileType = file; name = "1-1-23.m4a"; path = "../../../Dropbox (DeveloperAcademy-ID)/Voice Over - Rere (1)/1-1-23.m4a"; sourceTree = "<group>"; };
		39F2A6892806D57F00F54B11 /* 1-1-39.m4a */ = {isa = PBXFileReference; lastKnownFileType = file; name = "1-1-39.m4a"; path = "../../../Dropbox (DeveloperAcademy-ID)/Voice Over - Rere (1)/1-1-39.m4a"; sourceTree = "<group>"; };
		39F2A68A2806D57F00F54B11 /* 1-1-37.m4a */ = {isa = PBXFileReference; lastKnownFileType = file; name = "1-1-37.m4a"; path = "../../../Dropbox (DeveloperAcademy-ID)/Voice Over - Rere (1)/1-1-37.m4a"; sourceTree = "<group>"; };
		39F2A68B2806D57F00F54B11 /* 1-1-9.m4a */ = {isa = PBXFileReference; lastKnownFileType = file; name = "1-1-9.m4a"; path = "../../../Dropbox (DeveloperAcademy-ID)/Voice Over - Rere (1)/1-1-9.m4a"; sourceTree = "<group>"; };
		39F2A68C2806D57F00F54B11 /* 1-1-33.m4a */ = {isa = PBXFileReference; lastKnownFileType = file; name = "1-1-33.m4a"; path = "../../../Dropbox (DeveloperAcademy-ID)/Voice Over - Rere (1)/1-1-33.m4a"; sourceTree = "<group>"; };
		39F2A68D2806D57F00F54B11 /* 1-1-34.m4a */ = {isa = PBXFileReference; lastKnownFileType = file; name = "1-1-34.m4a"; path = "../../../Dropbox (DeveloperAcademy-ID)/Voice Over - Rere (1)/1-1-34.m4a"; sourceTree = "<group>"; };
		39F2A68E2806D57F00F54B11 /* 1-1-38.m4a */ = {isa = PBXFileReference; lastKnownFileType = file; name = "1-1-38.m4a"; path = "../../../Dropbox (DeveloperAcademy-ID)/Voice Over - Rere (1)/1-1-38.m4a"; sourceTree = "<group>"; };
		39F2A68F2806D57F00F54B11 /* 1-1-21.m4a */ = {isa = PBXFileReference; lastKnownFileType = file; name = "1-1-21.m4a"; path = "../../../Dropbox (DeveloperAcademy-ID)/Voice Over - Rere (1)/1-1-21.m4a"; sourceTree = "<group>"; };
		39F2A6902806D57F00F54B11 /* 1-1-5.m4a */ = {isa = PBXFileReference; lastKnownFileType = file; name = "1-1-5.m4a"; path = "../../../Dropbox (DeveloperAcademy-ID)/Voice Over - Rere (1)/1-1-5.m4a"; sourceTree = "<group>"; };
		39F2A6912806D58000F54B11 /* 1-1-8.m4a */ = {isa = PBXFileReference; lastKnownFileType = file; name = "1-1-8.m4a"; path = "../../../Dropbox (DeveloperAcademy-ID)/Voice Over - Rere (1)/1-1-8.m4a"; sourceTree = "<group>"; };
		39F2A6922806D58000F54B11 /* 1-1-15.m4a */ = {isa = PBXFileReference; lastKnownFileType = file; name = "1-1-15.m4a"; path = "../../../Dropbox (DeveloperAcademy-ID)/Voice Over - Rere (1)/1-1-15.m4a"; sourceTree = "<group>"; };
		39F2A6932806D58000F54B11 /* 1-1-27.m4a */ = {isa = PBXFileReference; lastKnownFileType = file; name = "1-1-27.m4a"; path = "../../../Dropbox (DeveloperAcademy-ID)/Voice Over - Rere (1)/1-1-27.m4a"; sourceTree = "<group>"; };
		39F2A6942806D58000F54B11 /* 1-1-6.m4a */ = {isa = PBXFileReference; lastKnownFileType = file; name = "1-1-6.m4a"; path = "../../../Dropbox (DeveloperAcademy-ID)/Voice Over - Rere (1)/1-1-6.m4a"; sourceTree = "<group>"; };
		39F2A6952806D58000F54B11 /* 1-1-28.m4a */ = {isa = PBXFileReference; lastKnownFileType = file; name = "1-1-28.m4a"; path = "../../../Dropbox (DeveloperAcademy-ID)/Voice Over - Rere (1)/1-1-28.m4a"; sourceTree = "<group>"; };
		39F2A6962806D58000F54B11 /* 1-1-24.m4a */ = {isa = PBXFileReference; lastKnownFileType = file; name = "1-1-24.m4a"; path = "../../../Dropbox (DeveloperAcademy-ID)/Voice Over - Rere (1)/1-1-24.m4a"; sourceTree = "<group>"; };
		39F2A6972806D58000F54B11 /* 1-1-7.m4a */ = {isa = PBXFileReference; lastKnownFileType = file; name = "1-1-7.m4a"; path = "../../../Dropbox (DeveloperAcademy-ID)/Voice Over - Rere (1)/1-1-7.m4a"; sourceTree = "<group>"; };
		39F2A6982806D58000F54B11 /* 1-1-20.m4a */ = {isa = PBXFileReference; lastKnownFileType = file; name = "1-1-20.m4a"; path = "../../../Dropbox (DeveloperAcademy-ID)/Voice Over - Rere (1)/1-1-20.m4a"; sourceTree = "<group>"; };
		39F2A6992806D58000F54B11 /* 1-1-19.m4a */ = {isa = PBXFileReference; lastKnownFileType = file; name = "1-1-19.m4a"; path = "../../../Dropbox (DeveloperAcademy-ID)/Voice Over - Rere (1)/1-1-19.m4a"; sourceTree = "<group>"; };
		39F2A69A2806D58000F54B11 /* kolam-air.m4a */ = {isa = PBXFileReference; lastKnownFileType = file; name = "kolam-air.m4a"; path = "../../../Dropbox (DeveloperAcademy-ID)/Voice Over - Rere (1)/kolam-air.m4a"; sourceTree = "<group>"; };
		39F2A69B2806D58000F54B11 /* Challenge Result - Main Lagi? - Stage.m4a */ = {isa = PBXFileReference; lastKnownFileType = file; name = "Challenge Result - Main Lagi? - Stage.m4a"; path = "../../../Dropbox (DeveloperAcademy-ID)/Voice Over - Rere (1)/Challenge Result - Main Lagi? - Stage.m4a"; sourceTree = "<group>"; };
		39F2A69C2806D58000F54B11 /* Challenge Result - Main Lagi? - Sesi.m4a */ = {isa = PBXFileReference; lastKnownFileType = file; name = "Challenge Result - Main Lagi? - Sesi.m4a"; path = "../../../Dropbox (DeveloperAcademy-ID)/Voice Over - Rere (1)/Challenge Result - Main Lagi? - Sesi.m4a"; sourceTree = "<group>"; };
		39F2A6D428070E3100F54B11 /* gif-sad.gif */ = {isa = PBXFileReference; lastKnownFileType = image.gif; name = "gif-sad.gif"; path = "../../../Dropbox (DeveloperAcademy-ID)/Animasi Transparan/gif-sad.gif"; sourceTree = "<group>"; };
		39F2A6D528070E3100F54B11 /* gif-lompat.gif */ = {isa = PBXFileReference; lastKnownFileType = image.gif; name = "gif-lompat.gif"; path = "../../../Dropbox (DeveloperAcademy-ID)/Animasi Transparan/gif-lompat.gif"; sourceTree = "<group>"; };
		39F2A6D628070E3200F54B11 /* gif-clap.gif */ = {isa = PBXFileReference; lastKnownFileType = image.gif; name = "gif-clap.gif"; path = "../../../Dropbox (DeveloperAcademy-ID)/Animasi Transparan/gif-clap.gif"; sourceTree = "<group>"; };
		39F2A6D728070E3200F54B11 /* gif-wave-playpage.gif */ = {isa = PBXFileReference; lastKnownFileType = image.gif; name = "gif-wave-playpage.gif"; path = "../../../Dropbox (DeveloperAcademy-ID)/Animasi Transparan/gif-wave-playpage.gif"; sourceTree = "<group>"; };
		9587C6C82804818200C72733 /* Prompt.swift */ = {isa = PBXFileReference; lastKnownFileType = sourcecode.swift; path = Prompt.swift; sourceTree = "<group>"; };
		9587C6CA2804823300C72733 /* PromptStage1Feeder.swift */ = {isa = PBXFileReference; lastKnownFileType = sourcecode.swift; path = PromptStage1Feeder.swift; sourceTree = "<group>"; };
		9587C6D7280561A300C72733 /* AVFoundation.framework */ = {isa = PBXFileReference; lastKnownFileType = wrapper.framework; name = AVFoundation.framework; path = System/Library/Frameworks/AVFoundation.framework; sourceTree = SDKROOT; };
		9587C75B2806927300C72733 /* Quiz.swift */ = {isa = PBXFileReference; lastKnownFileType = sourcecode.swift; path = Quiz.swift; sourceTree = "<group>"; };
		9587C75D2806928E00C72733 /* QuizStage1Feeder.swift */ = {isa = PBXFileReference; lastKnownFileType = sourcecode.swift; path = QuizStage1Feeder.swift; sourceTree = "<group>"; };
		9587C7632806D89000C72733 /* Challenge.m4a */ = {isa = PBXFileReference; lastKnownFileType = file; name = Challenge.m4a; path = "../Aset Rere: Teman Airku/Voice Over - Rere/Challenge.m4a"; sourceTree = "<group>"; };
		9587C7652806DAA200C72733 /* kolam-air.m4a */ = {isa = PBXFileReference; lastKnownFileType = file; name = "kolam-air.m4a"; path = "../Aset Rere: Teman Airku/Voice Over - Rere/kolam-air.m4a"; sourceTree = "<group>"; };
		9587C7662806DAA200C72733 /* 1-1-1.m4a */ = {isa = PBXFileReference; lastKnownFileType = file; name = "1-1-1.m4a"; path = "../Aset Rere: Teman Airku/Voice Over - Rere/1-1-1.m4a"; sourceTree = "<group>"; };
		9587C7672806DAA200C72733 /* 1-1-19.m4a */ = {isa = PBXFileReference; lastKnownFileType = file; name = "1-1-19.m4a"; path = "../Aset Rere: Teman Airku/Voice Over - Rere/1-1-19.m4a"; sourceTree = "<group>"; };
		9587C7682806DAA200C72733 /* 1-1-4.m4a */ = {isa = PBXFileReference; lastKnownFileType = file; name = "1-1-4.m4a"; path = "../Aset Rere: Teman Airku/Voice Over - Rere/1-1-4.m4a"; sourceTree = "<group>"; };
		9587C7692806DAA200C72733 /* 1-1-10.m4a */ = {isa = PBXFileReference; lastKnownFileType = file; name = "1-1-10.m4a"; path = "../Aset Rere: Teman Airku/Voice Over - Rere/1-1-10.m4a"; sourceTree = "<group>"; };
		9587C76A2806DAA200C72733 /* 1-1-38.m4a */ = {isa = PBXFileReference; lastKnownFileType = file; name = "1-1-38.m4a"; path = "../Aset Rere: Teman Airku/Voice Over - Rere/1-1-38.m4a"; sourceTree = "<group>"; };
		9587C76B2806DAA200C72733 /* 1-1-9.m4a */ = {isa = PBXFileReference; lastKnownFileType = file; name = "1-1-9.m4a"; path = "../Aset Rere: Teman Airku/Voice Over - Rere/1-1-9.m4a"; sourceTree = "<group>"; };
		9587C76C2806DAA200C72733 /* 1-1-26.m4a */ = {isa = PBXFileReference; lastKnownFileType = file; name = "1-1-26.m4a"; path = "../Aset Rere: Teman Airku/Voice Over - Rere/1-1-26.m4a"; sourceTree = "<group>"; };
		9587C76D2806DAA200C72733 /* 1-1-40.m4a */ = {isa = PBXFileReference; lastKnownFileType = file; name = "1-1-40.m4a"; path = "../Aset Rere: Teman Airku/Voice Over - Rere/1-1-40.m4a"; sourceTree = "<group>"; };
		9587C76E2806DAA200C72733 /* happy.m4a */ = {isa = PBXFileReference; lastKnownFileType = file; name = happy.m4a; path = "../Aset Rere: Teman Airku/Voice Over - Rere/happy.m4a"; sourceTree = "<group>"; };
		9587C76F2806DAA300C72733 /* 1-1-24.m4a */ = {isa = PBXFileReference; lastKnownFileType = file; name = "1-1-24.m4a"; path = "../Aset Rere: Teman Airku/Voice Over - Rere/1-1-24.m4a"; sourceTree = "<group>"; };
		9587C7702806DAA300C72733 /* 1-1-33.m4a */ = {isa = PBXFileReference; lastKnownFileType = file; name = "1-1-33.m4a"; path = "../Aset Rere: Teman Airku/Voice Over - Rere/1-1-33.m4a"; sourceTree = "<group>"; };
		9587C7712806DAA300C72733 /* 1-1-17.m4a */ = {isa = PBXFileReference; lastKnownFileType = file; name = "1-1-17.m4a"; path = "../Aset Rere: Teman Airku/Voice Over - Rere/1-1-17.m4a"; sourceTree = "<group>"; };
		9587C7722806DAA300C72733 /* 1-1-35.m4a */ = {isa = PBXFileReference; lastKnownFileType = file; name = "1-1-35.m4a"; path = "../Aset Rere: Teman Airku/Voice Over - Rere/1-1-35.m4a"; sourceTree = "<group>"; };
		9587C7732806DAA300C72733 /* 1-1-20.m4a */ = {isa = PBXFileReference; lastKnownFileType = file; name = "1-1-20.m4a"; path = "../Aset Rere: Teman Airku/Voice Over - Rere/1-1-20.m4a"; sourceTree = "<group>"; };
		9587C7742806DAA300C72733 /* 1-1-13.m4a */ = {isa = PBXFileReference; lastKnownFileType = file; name = "1-1-13.m4a"; path = "../Aset Rere: Teman Airku/Voice Over - Rere/1-1-13.m4a"; sourceTree = "<group>"; };
		9587C7752806DAA300C72733 /* 1-1-14.m4a */ = {isa = PBXFileReference; lastKnownFileType = file; name = "1-1-14.m4a"; path = "../Aset Rere: Teman Airku/Voice Over - Rere/1-1-14.m4a"; sourceTree = "<group>"; };
		9587C7762806DAA300C72733 /* 1-1-5.m4a */ = {isa = PBXFileReference; lastKnownFileType = file; name = "1-1-5.m4a"; path = "../Aset Rere: Teman Airku/Voice Over - Rere/1-1-5.m4a"; sourceTree = "<group>"; };
		9587C7772806DAA300C72733 /* 1-1-27.m4a */ = {isa = PBXFileReference; lastKnownFileType = file; name = "1-1-27.m4a"; path = "../Aset Rere: Teman Airku/Voice Over - Rere/1-1-27.m4a"; sourceTree = "<group>"; };
		9587C7782806DAA300C72733 /* 1-1-36.m4a */ = {isa = PBXFileReference; lastKnownFileType = file; name = "1-1-36.m4a"; path = "../Aset Rere: Teman Airku/Voice Over - Rere/1-1-36.m4a"; sourceTree = "<group>"; };
		9587C7792806DAA300C72733 /* 1-1-11.m4a */ = {isa = PBXFileReference; lastKnownFileType = file; name = "1-1-11.m4a"; path = "../Aset Rere: Teman Airku/Voice Over - Rere/1-1-11.m4a"; sourceTree = "<group>"; };
		9587C77A2806DAA300C72733 /* 1-1-37.m4a */ = {isa = PBXFileReference; lastKnownFileType = file; name = "1-1-37.m4a"; path = "../Aset Rere: Teman Airku/Voice Over - Rere/1-1-37.m4a"; sourceTree = "<group>"; };
		9587C77B2806DAA300C72733 /* 1-1-22.m4a */ = {isa = PBXFileReference; lastKnownFileType = file; name = "1-1-22.m4a"; path = "../Aset Rere: Teman Airku/Voice Over - Rere/1-1-22.m4a"; sourceTree = "<group>"; };
		9587C77C2806DAA400C72733 /* 1-1-3.m4a */ = {isa = PBXFileReference; lastKnownFileType = file; name = "1-1-3.m4a"; path = "../Aset Rere: Teman Airku/Voice Over - Rere/1-1-3.m4a"; sourceTree = "<group>"; };
		9587C77D2806DAA400C72733 /* 1-1-29.m4a */ = {isa = PBXFileReference; lastKnownFileType = file; name = "1-1-29.m4a"; path = "../Aset Rere: Teman Airku/Voice Over - Rere/1-1-29.m4a"; sourceTree = "<group>"; };
		9587C77E2806DAA400C72733 /* 1-1-18.m4a */ = {isa = PBXFileReference; lastKnownFileType = file; name = "1-1-18.m4a"; path = "../Aset Rere: Teman Airku/Voice Over - Rere/1-1-18.m4a"; sourceTree = "<group>"; };
		9587C77F2806DAA400C72733 /* ceria.m4a */ = {isa = PBXFileReference; lastKnownFileType = file; name = ceria.m4a; path = "../Aset Rere: Teman Airku/Voice Over - Rere/ceria.m4a"; sourceTree = "<group>"; };
		9587C7802806DAA400C72733 /* 1-1-32.m4a */ = {isa = PBXFileReference; lastKnownFileType = file; name = "1-1-32.m4a"; path = "../Aset Rere: Teman Airku/Voice Over - Rere/1-1-32.m4a"; sourceTree = "<group>"; };
		9587C7812806DAA400C72733 /* 1-1-34.m4a */ = {isa = PBXFileReference; lastKnownFileType = file; name = "1-1-34.m4a"; path = "../Aset Rere: Teman Airku/Voice Over - Rere/1-1-34.m4a"; sourceTree = "<group>"; };
		9587C7822806DAA400C72733 /* 1-1-6.m4a */ = {isa = PBXFileReference; lastKnownFileType = file; name = "1-1-6.m4a"; path = "../Aset Rere: Teman Airku/Voice Over - Rere/1-1-6.m4a"; sourceTree = "<group>"; };
		9587C7832806DAA400C72733 /* 1-1-15.m4a */ = {isa = PBXFileReference; lastKnownFileType = file; name = "1-1-15.m4a"; path = "../Aset Rere: Teman Airku/Voice Over - Rere/1-1-15.m4a"; sourceTree = "<group>"; };
		9587C7842806DAA400C72733 /* 1-1-2.m4a */ = {isa = PBXFileReference; lastKnownFileType = file; name = "1-1-2.m4a"; path = "../Aset Rere: Teman Airku/Voice Over - Rere/1-1-2.m4a"; sourceTree = "<group>"; };
		9587C7852806DAA400C72733 /* 1-1-23.m4a */ = {isa = PBXFileReference; lastKnownFileType = file; name = "1-1-23.m4a"; path = "../Aset Rere: Teman Airku/Voice Over - Rere/1-1-23.m4a"; sourceTree = "<group>"; };
		9587C7862806DAA400C72733 /* 1-1-12.m4a */ = {isa = PBXFileReference; lastKnownFileType = file; name = "1-1-12.m4a"; path = "../Aset Rere: Teman Airku/Voice Over - Rere/1-1-12.m4a"; sourceTree = "<group>"; };
		9587C7872806DAA400C72733 /* 1-1-7.m4a */ = {isa = PBXFileReference; lastKnownFileType = file; name = "1-1-7.m4a"; path = "../Aset Rere: Teman Airku/Voice Over - Rere/1-1-7.m4a"; sourceTree = "<group>"; };
		9587C7882806DAA400C72733 /* 1-1-21.m4a */ = {isa = PBXFileReference; lastKnownFileType = file; name = "1-1-21.m4a"; path = "../Aset Rere: Teman Airku/Voice Over - Rere/1-1-21.m4a"; sourceTree = "<group>"; };
		9587C7892806DAA400C72733 /* 1-1-25.m4a */ = {isa = PBXFileReference; lastKnownFileType = file; name = "1-1-25.m4a"; path = "../Aset Rere: Teman Airku/Voice Over - Rere/1-1-25.m4a"; sourceTree = "<group>"; };
		9587C78A2806DAA400C72733 /* 1-1-39.m4a */ = {isa = PBXFileReference; lastKnownFileType = file; name = "1-1-39.m4a"; path = "../Aset Rere: Teman Airku/Voice Over - Rere/1-1-39.m4a"; sourceTree = "<group>"; };
		9587C78B2806DAA500C72733 /* 1-1-28.m4a */ = {isa = PBXFileReference; lastKnownFileType = file; name = "1-1-28.m4a"; path = "../Aset Rere: Teman Airku/Voice Over - Rere/1-1-28.m4a"; sourceTree = "<group>"; };
		9587C78C2806DAA500C72733 /* 1-1-31.m4a */ = {isa = PBXFileReference; lastKnownFileType = file; name = "1-1-31.m4a"; path = "../Aset Rere: Teman Airku/Voice Over - Rere/1-1-31.m4a"; sourceTree = "<group>"; };
		9587C78D2806DAA500C72733 /* 1-1-30.m4a */ = {isa = PBXFileReference; lastKnownFileType = file; name = "1-1-30.m4a"; path = "../Aset Rere: Teman Airku/Voice Over - Rere/1-1-30.m4a"; sourceTree = "<group>"; };
		9587C78E2806DAA500C72733 /* 1-1-16.m4a */ = {isa = PBXFileReference; lastKnownFileType = file; name = "1-1-16.m4a"; path = "../Aset Rere: Teman Airku/Voice Over - Rere/1-1-16.m4a"; sourceTree = "<group>"; };
		9587C78F2806DAA500C72733 /* 1-1-8.m4a */ = {isa = PBXFileReference; lastKnownFileType = file; name = "1-1-8.m4a"; path = "../Aset Rere: Teman Airku/Voice Over - Rere/1-1-8.m4a"; sourceTree = "<group>"; };
		9587C7BB28070B4300C72733 /* gif-lompat.gif */ = {isa = PBXFileReference; lastKnownFileType = image.gif; name = "gif-lompat.gif"; path = "../Aset Rere: Teman Airku/Animasi Transparan/gif-lompat.gif"; sourceTree = "<group>"; };
		9587C7BC28070B4300C72733 /* gif-clap.gif */ = {isa = PBXFileReference; lastKnownFileType = image.gif; name = "gif-clap.gif"; path = "../Aset Rere: Teman Airku/Animasi Transparan/gif-clap.gif"; sourceTree = "<group>"; };
		9587C7BD28070B4300C72733 /* gif-sad.gif */ = {isa = PBXFileReference; lastKnownFileType = image.gif; name = "gif-sad.gif"; path = "../Aset Rere: Teman Airku/Animasi Transparan/gif-sad.gif"; sourceTree = "<group>"; };
		9587C7BE28070B4300C72733 /* gif-wave-playpage.gif */ = {isa = PBXFileReference; lastKnownFileType = image.gif; name = "gif-wave-playpage.gif"; path = "../Aset Rere: Teman Airku/Animasi Transparan/gif-wave-playpage.gif"; sourceTree = "<group>"; };
/* End PBXFileReference section */

/* Begin PBXFrameworksBuildPhase section */
		39C8096A280023BB00090ABF /* Frameworks */ = {
			isa = PBXFrameworksBuildPhase;
			buildActionMask = 2147483647;
			files = (
				9587C6D8280561A300C72733 /* AVFoundation.framework in Frameworks */,
			);
			runOnlyForDeploymentPostprocessing = 0;
		};
/* End PBXFrameworksBuildPhase section */

/* Begin PBXGroup section */
		39C80964280023BB00090ABF = {
			isa = PBXGroup;
			children = (
				9587C7BC28070B4300C72733 /* gif-clap.gif */,
				9587C7BB28070B4300C72733 /* gif-lompat.gif */,
				9587C7BD28070B4300C72733 /* gif-sad.gif */,
				9587C7BE28070B4300C72733 /* gif-wave-playpage.gif */,
				9587C7662806DAA200C72733 /* 1-1-1.m4a */,
				9587C7842806DAA400C72733 /* 1-1-2.m4a */,
				9587C77C2806DAA400C72733 /* 1-1-3.m4a */,
				9587C7682806DAA200C72733 /* 1-1-4.m4a */,
				9587C7762806DAA300C72733 /* 1-1-5.m4a */,
				9587C7822806DAA400C72733 /* 1-1-6.m4a */,
				9587C7872806DAA400C72733 /* 1-1-7.m4a */,
				9587C78F2806DAA500C72733 /* 1-1-8.m4a */,
				9587C76B2806DAA200C72733 /* 1-1-9.m4a */,
				9587C7692806DAA200C72733 /* 1-1-10.m4a */,
				9587C7792806DAA300C72733 /* 1-1-11.m4a */,
				9587C7862806DAA400C72733 /* 1-1-12.m4a */,
				9587C7742806DAA300C72733 /* 1-1-13.m4a */,
				9587C7752806DAA300C72733 /* 1-1-14.m4a */,
				9587C7832806DAA400C72733 /* 1-1-15.m4a */,
				9587C78E2806DAA500C72733 /* 1-1-16.m4a */,
				9587C7712806DAA300C72733 /* 1-1-17.m4a */,
				9587C77E2806DAA400C72733 /* 1-1-18.m4a */,
				9587C7672806DAA200C72733 /* 1-1-19.m4a */,
				9587C7732806DAA300C72733 /* 1-1-20.m4a */,
				9587C7882806DAA400C72733 /* 1-1-21.m4a */,
				9587C77B2806DAA300C72733 /* 1-1-22.m4a */,
				9587C7852806DAA400C72733 /* 1-1-23.m4a */,
				9587C76F2806DAA300C72733 /* 1-1-24.m4a */,
				9587C7892806DAA400C72733 /* 1-1-25.m4a */,
				9587C76C2806DAA200C72733 /* 1-1-26.m4a */,
				9587C7772806DAA300C72733 /* 1-1-27.m4a */,
				9587C78B2806DAA500C72733 /* 1-1-28.m4a */,
				9587C77D2806DAA400C72733 /* 1-1-29.m4a */,
				9587C78D2806DAA500C72733 /* 1-1-30.m4a */,
				9587C78C2806DAA500C72733 /* 1-1-31.m4a */,
				9587C7802806DAA400C72733 /* 1-1-32.m4a */,
				9587C7702806DAA300C72733 /* 1-1-33.m4a */,
				9587C7812806DAA400C72733 /* 1-1-34.m4a */,
				9587C7722806DAA300C72733 /* 1-1-35.m4a */,
				9587C7782806DAA300C72733 /* 1-1-36.m4a */,
				9587C77A2806DAA300C72733 /* 1-1-37.m4a */,
				9587C76A2806DAA200C72733 /* 1-1-38.m4a */,
				9587C78A2806DAA400C72733 /* 1-1-39.m4a */,
				9587C76D2806DAA200C72733 /* 1-1-40.m4a */,
				9587C77F2806DAA400C72733 /* ceria.m4a */,
				9587C76E2806DAA200C72733 /* happy.m4a */,
				9587C7652806DAA200C72733 /* kolam-air.m4a */,
				9587C7632806D89000C72733 /* Challenge.m4a */,
				9587C75B2806927300C72733 /* Quiz.swift */,
				9587C75D2806928E00C72733 /* QuizStage1Feeder.swift */,
				9587C6CA2804823300C72733 /* PromptStage1Feeder.swift */,
				9587C6C82804818200C72733 /* Prompt.swift */,
				39C8096F280023BB00090ABF /* rereTemanAirku */,
				39C8096E280023BB00090ABF /* Products */,
				9587C6D6280561A300C72733 /* Frameworks */,
			);
			sourceTree = "<group>";
		};
		39C8096E280023BB00090ABF /* Products */ = {
			isa = PBXGroup;
			children = (
				39C8096D280023BB00090ABF /* rereTemanAirku.app */,
			);
			name = Products;
			sourceTree = "<group>";
		};
		39C8096F280023BB00090ABF /* rereTemanAirku */ = {
			isa = PBXGroup;
			children = (
				39C80970280023BB00090ABF /* AppDelegate.swift */,
				39C80972280023BB00090ABF /* SceneDelegate.swift */,
				39C80974280023BB00090ABF /* ViewController.swift */,
				39C809BA2800358500090ABF /* AboutViewController.swift */,
				39C809BC2800359300090ABF /* SessionViewController.swift */,
				39DC7A0E2804394C00F0EE3F /* ChooseStageViewController.swift */,
				39C809BE2800359C00090ABF /* StageViewController.swift */,
				39C809C0280035A200090ABF /* PlayViewController.swift */,
				39C809C2280035C700090ABF /* ChallengeViewController.swift */,
				39C809C4280035CE00090ABF /* ChallengeResultViewController.swift */,
				39F2A66A2806D2C900F54B11 /* gifLoader.swift */,
				39C80976280023BB00090ABF /* Main.storyboard */,
				39C80979280023BC00090ABF /* Assets.xcassets */,
				39F2A6D628070E3200F54B11 /* gif-clap.gif */,
				39F2A6D528070E3100F54B11 /* gif-lompat.gif */,
				39F2A6D428070E3100F54B11 /* gif-sad.gif */,
				39F2A6D728070E3200F54B11 /* gif-wave-playpage.gif */,
				39F2A6742806D57F00F54B11 /* 1-1-1.m4a */,
				39F2A6732806D57F00F54B11 /* 1-1-2.m4a */,
				39F2A6722806D57F00F54B11 /* 1-1-3.m4a */,
				39F2A67F2806D57F00F54B11 /* 1-1-4.m4a */,
				39F2A6902806D57F00F54B11 /* 1-1-5.m4a */,
				39F2A6942806D58000F54B11 /* 1-1-6.m4a */,
				39F2A6972806D58000F54B11 /* 1-1-7.m4a */,
				39F2A6912806D58000F54B11 /* 1-1-8.m4a */,
				39F2A68B2806D57F00F54B11 /* 1-1-9.m4a */,
				39F2A66E2806D57F00F54B11 /* 1-1-10.m4a */,
				39F2A6812806D57F00F54B11 /* 1-1-11.m4a */,
				39F2A66F2806D57F00F54B11 /* 1-1-12.m4a */,
				39F2A66C2806D57F00F54B11 /* 1-1-13.m4a */,
				39F2A67E2806D57F00F54B11 /* 1-1-14.m4a */,
				39F2A6922806D58000F54B11 /* 1-1-15.m4a */,
				39F2A66D2806D57F00F54B11 /* 1-1-16.m4a */,
				39F2A6712806D57F00F54B11 /* 1-1-17.m4a */,
				39F2A67D2806D57F00F54B11 /* 1-1-18.m4a */,
				39F2A6992806D58000F54B11 /* 1-1-19.m4a */,
				39F2A6982806D58000F54B11 /* 1-1-20.m4a */,
				39F2A68F2806D57F00F54B11 /* 1-1-21.m4a */,
				39F2A6822806D57F00F54B11 /* 1-1-22.m4a */,
				39F2A6882806D57F00F54B11 /* 1-1-23.m4a */,
				39F2A6962806D58000F54B11 /* 1-1-24.m4a */,
				39F2A6872806D57F00F54B11 /* 1-1-25.m4a */,
				39F2A67B2806D57F00F54B11 /* 1-1-26.m4a */,
				39F2A6932806D58000F54B11 /* 1-1-27.m4a */,
				39F2A6952806D58000F54B11 /* 1-1-28.m4a */,
				39F2A67C2806D57F00F54B11 /* 1-1-29.m4a */,
				39F2A6832806D57F00F54B11 /* 1-1-30.m4a */,
				39F2A6752806D57F00F54B11 /* 1-1-31.m4a */,
				39F2A6802806D57F00F54B11 /* 1-1-32.m4a */,
				39F2A68C2806D57F00F54B11 /* 1-1-33.m4a */,
				39F2A68D2806D57F00F54B11 /* 1-1-34.m4a */,
				39F2A6702806D57F00F54B11 /* 1-1-35.m4a */,
				39F2A67A2806D57F00F54B11 /* 1-1-36.m4a */,
				39F2A68A2806D57F00F54B11 /* 1-1-37.m4a */,
				39F2A68E2806D57F00F54B11 /* 1-1-38.m4a */,
				39F2A6892806D57F00F54B11 /* 1-1-39.m4a */,
				39F2A6862806D57F00F54B11 /* 1-1-40.m4a */,
				39F2A6842806D57F00F54B11 /* ceria.m4a */,
				39F2A6772806D57F00F54B11 /* Challenge - Kids.m4a */,
				39F2A6852806D57F00F54B11 /* Challenge - Papa Mama.m4a */,
				39F2A6792806D57F00F54B11 /* Challenge Result - Hebat.m4a */,
				39F2A6782806D57F00F54B11 /* Challenge Result - Luar Biasa.m4a */,
				39F2A69C2806D58000F54B11 /* Challenge Result - Main Lagi? - Sesi.m4a */,
				39F2A69B2806D58000F54B11 /* Challenge Result - Main Lagi? - Stage.m4a */,
				39F2A6762806D57F00F54B11 /* happy.m4a */,
				39F2A69A2806D58000F54B11 /* kolam-air.m4a */,
				39C8097B280023BC00090ABF /* LaunchScreen.storyboard */,
				39C8097E280023BC00090ABF /* Info.plist */,
			);
			path = rereTemanAirku;
			sourceTree = "<group>";
		};
		9587C6D6280561A300C72733 /* Frameworks */ = {
			isa = PBXGroup;
			children = (
				9587C6D7280561A300C72733 /* AVFoundation.framework */,
			);
			name = Frameworks;
			sourceTree = "<group>";
		};
/* End PBXGroup section */

/* Begin PBXNativeTarget section */
		39C8096C280023BB00090ABF /* rereTemanAirku */ = {
			isa = PBXNativeTarget;
			buildConfigurationList = 39C80981280023BC00090ABF /* Build configuration list for PBXNativeTarget "rereTemanAirku" */;
			buildPhases = (
				39C80969280023BB00090ABF /* Sources */,
				39C8096A280023BB00090ABF /* Frameworks */,
				39C8096B280023BB00090ABF /* Resources */,
			);
			buildRules = (
			);
			dependencies = (
			);
			name = rereTemanAirku;
			productName = rereTemanAirku;
			productReference = 39C8096D280023BB00090ABF /* rereTemanAirku.app */;
			productType = "com.apple.product-type.application";
		};
/* End PBXNativeTarget section */

/* Begin PBXProject section */
		39C80965280023BB00090ABF /* Project object */ = {
			isa = PBXProject;
			attributes = {
				BuildIndependentTargetsInParallel = 1;
				LastSwiftUpdateCheck = 1320;
				LastUpgradeCheck = 1320;
				TargetAttributes = {
					39C8096C280023BB00090ABF = {
						CreatedOnToolsVersion = 13.2.1;
					};
				};
			};
			buildConfigurationList = 39C80968280023BB00090ABF /* Build configuration list for PBXProject "rereTemanAirku" */;
			compatibilityVersion = "Xcode 13.0";
			developmentRegion = en;
			hasScannedForEncodings = 0;
			knownRegions = (
				en,
				Base,
			);
			mainGroup = 39C80964280023BB00090ABF;
			productRefGroup = 39C8096E280023BB00090ABF /* Products */;
			projectDirPath = "";
			projectRoot = "";
			targets = (
				39C8096C280023BB00090ABF /* rereTemanAirku */,
			);
		};
/* End PBXProject section */

/* Begin PBXResourcesBuildPhase section */
		39C8096B280023BB00090ABF /* Resources */ = {
			isa = PBXResourcesBuildPhase;
			buildActionMask = 2147483647;
			files = (
				9587C7A52806DAA500C72733 /* 1-1-37.m4a in Resources */,
				9587C7A82806DAA500C72733 /* 1-1-29.m4a in Resources */,
				9587C7C228070B4300C72733 /* gif-wave-playpage.gif in Resources */,
				9587C7922806DAA500C72733 /* 1-1-19.m4a in Resources */,
				9587C7A22806DAA500C72733 /* 1-1-27.m4a in Resources */,
				9587C7A42806DAA500C72733 /* 1-1-11.m4a in Resources */,
				9587C7A72806DAA500C72733 /* 1-1-3.m4a in Resources */,
				9587C7932806DAA500C72733 /* 1-1-4.m4a in Resources */,
				9587C79F2806DAA500C72733 /* 1-1-13.m4a in Resources */,
				9587C79E2806DAA500C72733 /* 1-1-20.m4a in Resources */,
				9587C7972806DAA500C72733 /* 1-1-26.m4a in Resources */,
				39C8097D280023BC00090ABF /* LaunchScreen.storyboard in Resources */,
				39C8097A280023BC00090ABF /* Assets.xcassets in Resources */,
				9587C7B82806DAA500C72733 /* 1-1-30.m4a in Resources */,
				9587C7B92806DAA500C72733 /* 1-1-16.m4a in Resources */,
				9587C7B62806DAA500C72733 /* 1-1-28.m4a in Resources */,
				9587C7642806D89000C72733 /* Challenge.m4a in Resources */,
				9587C7962806DAA500C72733 /* 1-1-9.m4a in Resources */,
				9587C7AC2806DAA500C72733 /* 1-1-34.m4a in Resources */,
				9587C79A2806DAA500C72733 /* 1-1-24.m4a in Resources */,
				9587C7902806DAA500C72733 /* kolam-air.m4a in Resources */,
				9587C7B72806DAA500C72733 /* 1-1-31.m4a in Resources */,
				9587C7B32806DAA500C72733 /* 1-1-21.m4a in Resources */,
				9587C7B52806DAA500C72733 /* 1-1-39.m4a in Resources */,
				9587C7982806DAA500C72733 /* 1-1-40.m4a in Resources */,
				9587C7AA2806DAA500C72733 /* ceria.m4a in Resources */,
				9587C7A92806DAA500C72733 /* 1-1-18.m4a in Resources */,
				9587C7B02806DAA500C72733 /* 1-1-23.m4a in Resources */,
				9587C7C028070B4300C72733 /* gif-clap.gif in Resources */,
				9587C7A02806DAA500C72733 /* 1-1-14.m4a in Resources */,
				9587C79D2806DAA500C72733 /* 1-1-35.m4a in Resources */,
				9587C7BA2806DAA500C72733 /* 1-1-8.m4a in Resources */,
				9587C7A32806DAA500C72733 /* 1-1-36.m4a in Resources */,
				9587C7912806DAA500C72733 /* 1-1-1.m4a in Resources */,
				9587C79C2806DAA500C72733 /* 1-1-17.m4a in Resources */,
				9587C7952806DAA500C72733 /* 1-1-38.m4a in Resources */,
				9587C7BF28070B4300C72733 /* gif-lompat.gif in Resources */,
				9587C79B2806DAA500C72733 /* 1-1-33.m4a in Resources */,
				9587C7942806DAA500C72733 /* 1-1-10.m4a in Resources */,
				9587C7AB2806DAA500C72733 /* 1-1-32.m4a in Resources */,
				39C80978280023BB00090ABF /* Main.storyboard in Resources */,
				9587C7C128070B4300C72733 /* gif-sad.gif in Resources */,
				9587C7B12806DAA500C72733 /* 1-1-12.m4a in Resources */,
				9587C7A62806DAA500C72733 /* 1-1-22.m4a in Resources */,
				9587C7AF2806DAA500C72733 /* 1-1-2.m4a in Resources */,
				9587C7B42806DAA500C72733 /* 1-1-25.m4a in Resources */,
				9587C7B22806DAA500C72733 /* 1-1-7.m4a in Resources */,
				9587C7A12806DAA500C72733 /* 1-1-5.m4a in Resources */,
				9587C7AE2806DAA500C72733 /* 1-1-15.m4a in Resources */,
				9587C7992806DAA500C72733 /* happy.m4a in Resources */,
				9587C7AD2806DAA500C72733 /* 1-1-6.m4a in Resources */,
			);
			runOnlyForDeploymentPostprocessing = 0;
		};
/* End PBXResourcesBuildPhase section */

/* Begin PBXSourcesBuildPhase section */
		39C80969280023BB00090ABF /* Sources */ = {
			isa = PBXSourcesBuildPhase;
			buildActionMask = 2147483647;
			files = (
				39C80975280023BB00090ABF /* ViewController.swift in Sources */,
				39F2A66B2806D2C900F54B11 /* gifLoader.swift in Sources */,
				39C80971280023BB00090ABF /* AppDelegate.swift in Sources */,
				39C809C3280035C700090ABF /* ChallengeViewController.swift in Sources */,
				9587C6C92804818200C72733 /* Prompt.swift in Sources */,
				39C809BB2800358500090ABF /* AboutViewController.swift in Sources */,
				39DC7A0F2804394C00F0EE3F /* ChooseStageViewController.swift in Sources */,
				39C809BF2800359C00090ABF /* StageViewController.swift in Sources */,
				39C809BD2800359300090ABF /* SessionViewController.swift in Sources */,
				9587C75E2806928E00C72733 /* QuizStage1Feeder.swift in Sources */,
				39C809C1280035A200090ABF /* PlayViewController.swift in Sources */,
				9587C75C2806927300C72733 /* Quiz.swift in Sources */,
				39C80973280023BB00090ABF /* SceneDelegate.swift in Sources */,
				9587C6CB2804823300C72733 /* PromptStage1Feeder.swift in Sources */,
				39C809C5280035CE00090ABF /* ChallengeResultViewController.swift in Sources */,
			);
			runOnlyForDeploymentPostprocessing = 0;
		};
/* End PBXSourcesBuildPhase section */

/* Begin PBXVariantGroup section */
		39C80976280023BB00090ABF /* Main.storyboard */ = {
			isa = PBXVariantGroup;
			children = (
				39C80977280023BB00090ABF /* Base */,
			);
			name = Main.storyboard;
			sourceTree = "<group>";
		};
		39C8097B280023BC00090ABF /* LaunchScreen.storyboard */ = {
			isa = PBXVariantGroup;
			children = (
				39C8097C280023BC00090ABF /* Base */,
			);
			name = LaunchScreen.storyboard;
			sourceTree = "<group>";
		};
/* End PBXVariantGroup section */

/* Begin XCBuildConfiguration section */
		39C8097F280023BC00090ABF /* Debug */ = {
			isa = XCBuildConfiguration;
			buildSettings = {
				ALWAYS_SEARCH_USER_PATHS = NO;
				CLANG_ANALYZER_NONNULL = YES;
				CLANG_ANALYZER_NUMBER_OBJECT_CONVERSION = YES_AGGRESSIVE;
				CLANG_CXX_LANGUAGE_STANDARD = "gnu++17";
				CLANG_CXX_LIBRARY = "libc++";
				CLANG_ENABLE_MODULES = YES;
				CLANG_ENABLE_OBJC_ARC = YES;
				CLANG_ENABLE_OBJC_WEAK = YES;
				CLANG_WARN_BLOCK_CAPTURE_AUTORELEASING = YES;
				CLANG_WARN_BOOL_CONVERSION = YES;
				CLANG_WARN_COMMA = YES;
				CLANG_WARN_CONSTANT_CONVERSION = YES;
				CLANG_WARN_DEPRECATED_OBJC_IMPLEMENTATIONS = YES;
				CLANG_WARN_DIRECT_OBJC_ISA_USAGE = YES_ERROR;
				CLANG_WARN_DOCUMENTATION_COMMENTS = YES;
				CLANG_WARN_EMPTY_BODY = YES;
				CLANG_WARN_ENUM_CONVERSION = YES;
				CLANG_WARN_INFINITE_RECURSION = YES;
				CLANG_WARN_INT_CONVERSION = YES;
				CLANG_WARN_NON_LITERAL_NULL_CONVERSION = YES;
				CLANG_WARN_OBJC_IMPLICIT_RETAIN_SELF = YES;
				CLANG_WARN_OBJC_LITERAL_CONVERSION = YES;
				CLANG_WARN_OBJC_ROOT_CLASS = YES_ERROR;
				CLANG_WARN_QUOTED_INCLUDE_IN_FRAMEWORK_HEADER = YES;
				CLANG_WARN_RANGE_LOOP_ANALYSIS = YES;
				CLANG_WARN_STRICT_PROTOTYPES = YES;
				CLANG_WARN_SUSPICIOUS_MOVE = YES;
				CLANG_WARN_UNGUARDED_AVAILABILITY = YES_AGGRESSIVE;
				CLANG_WARN_UNREACHABLE_CODE = YES;
				CLANG_WARN__DUPLICATE_METHOD_MATCH = YES;
				COPY_PHASE_STRIP = NO;
				DEBUG_INFORMATION_FORMAT = dwarf;
				ENABLE_STRICT_OBJC_MSGSEND = YES;
				ENABLE_TESTABILITY = YES;
				GCC_C_LANGUAGE_STANDARD = gnu11;
				GCC_DYNAMIC_NO_PIC = NO;
				GCC_NO_COMMON_BLOCKS = YES;
				GCC_OPTIMIZATION_LEVEL = 0;
				GCC_PREPROCESSOR_DEFINITIONS = (
					"DEBUG=1",
					"$(inherited)",
				);
				GCC_WARN_64_TO_32_BIT_CONVERSION = YES;
				GCC_WARN_ABOUT_RETURN_TYPE = YES_ERROR;
				GCC_WARN_UNDECLARED_SELECTOR = YES;
				GCC_WARN_UNINITIALIZED_AUTOS = YES_AGGRESSIVE;
				GCC_WARN_UNUSED_FUNCTION = YES;
				GCC_WARN_UNUSED_VARIABLE = YES;
				IPHONEOS_DEPLOYMENT_TARGET = 15.2;
				MTL_ENABLE_DEBUG_INFO = INCLUDE_SOURCE;
				MTL_FAST_MATH = YES;
				ONLY_ACTIVE_ARCH = YES;
				SDKROOT = iphoneos;
				SWIFT_ACTIVE_COMPILATION_CONDITIONS = DEBUG;
				SWIFT_OPTIMIZATION_LEVEL = "-Onone";
			};
			name = Debug;
		};
		39C80980280023BC00090ABF /* Release */ = {
			isa = XCBuildConfiguration;
			buildSettings = {
				ALWAYS_SEARCH_USER_PATHS = NO;
				CLANG_ANALYZER_NONNULL = YES;
				CLANG_ANALYZER_NUMBER_OBJECT_CONVERSION = YES_AGGRESSIVE;
				CLANG_CXX_LANGUAGE_STANDARD = "gnu++17";
				CLANG_CXX_LIBRARY = "libc++";
				CLANG_ENABLE_MODULES = YES;
				CLANG_ENABLE_OBJC_ARC = YES;
				CLANG_ENABLE_OBJC_WEAK = YES;
				CLANG_WARN_BLOCK_CAPTURE_AUTORELEASING = YES;
				CLANG_WARN_BOOL_CONVERSION = YES;
				CLANG_WARN_COMMA = YES;
				CLANG_WARN_CONSTANT_CONVERSION = YES;
				CLANG_WARN_DEPRECATED_OBJC_IMPLEMENTATIONS = YES;
				CLANG_WARN_DIRECT_OBJC_ISA_USAGE = YES_ERROR;
				CLANG_WARN_DOCUMENTATION_COMMENTS = YES;
				CLANG_WARN_EMPTY_BODY = YES;
				CLANG_WARN_ENUM_CONVERSION = YES;
				CLANG_WARN_INFINITE_RECURSION = YES;
				CLANG_WARN_INT_CONVERSION = YES;
				CLANG_WARN_NON_LITERAL_NULL_CONVERSION = YES;
				CLANG_WARN_OBJC_IMPLICIT_RETAIN_SELF = YES;
				CLANG_WARN_OBJC_LITERAL_CONVERSION = YES;
				CLANG_WARN_OBJC_ROOT_CLASS = YES_ERROR;
				CLANG_WARN_QUOTED_INCLUDE_IN_FRAMEWORK_HEADER = YES;
				CLANG_WARN_RANGE_LOOP_ANALYSIS = YES;
				CLANG_WARN_STRICT_PROTOTYPES = YES;
				CLANG_WARN_SUSPICIOUS_MOVE = YES;
				CLANG_WARN_UNGUARDED_AVAILABILITY = YES_AGGRESSIVE;
				CLANG_WARN_UNREACHABLE_CODE = YES;
				CLANG_WARN__DUPLICATE_METHOD_MATCH = YES;
				COPY_PHASE_STRIP = NO;
				DEBUG_INFORMATION_FORMAT = "dwarf-with-dsym";
				ENABLE_NS_ASSERTIONS = NO;
				ENABLE_STRICT_OBJC_MSGSEND = YES;
				GCC_C_LANGUAGE_STANDARD = gnu11;
				GCC_NO_COMMON_BLOCKS = YES;
				GCC_WARN_64_TO_32_BIT_CONVERSION = YES;
				GCC_WARN_ABOUT_RETURN_TYPE = YES_ERROR;
				GCC_WARN_UNDECLARED_SELECTOR = YES;
				GCC_WARN_UNINITIALIZED_AUTOS = YES_AGGRESSIVE;
				GCC_WARN_UNUSED_FUNCTION = YES;
				GCC_WARN_UNUSED_VARIABLE = YES;
				IPHONEOS_DEPLOYMENT_TARGET = 15.2;
				MTL_ENABLE_DEBUG_INFO = NO;
				MTL_FAST_MATH = YES;
				SDKROOT = iphoneos;
				SWIFT_COMPILATION_MODE = wholemodule;
				SWIFT_OPTIMIZATION_LEVEL = "-O";
				VALIDATE_PRODUCT = YES;
			};
			name = Release;
		};
		39C80982280023BC00090ABF /* Debug */ = {
			isa = XCBuildConfiguration;
			buildSettings = {
				ASSETCATALOG_COMPILER_APPICON_NAME = AppIcon;
				ASSETCATALOG_COMPILER_GLOBAL_ACCENT_COLOR_NAME = AccentColor;
				CODE_SIGN_STYLE = Automatic;
				CURRENT_PROJECT_VERSION = 1;
				DEVELOPMENT_TEAM = W6UMVQ97QR;
				GENERATE_INFOPLIST_FILE = YES;
				INFOPLIST_FILE = rereTemanAirku/Info.plist;
				INFOPLIST_KEY_UIApplicationSupportsIndirectInputEvents = YES;
				INFOPLIST_KEY_UILaunchStoryboardName = LaunchScreen;
				INFOPLIST_KEY_UIMainStoryboardFile = Main;
				INFOPLIST_KEY_UISupportedInterfaceOrientations_iPad = "UIInterfaceOrientationPortrait UIInterfaceOrientationPortraitUpsideDown UIInterfaceOrientationLandscapeLeft UIInterfaceOrientationLandscapeRight";
				INFOPLIST_KEY_UISupportedInterfaceOrientations_iPhone = "UIInterfaceOrientationPortrait UIInterfaceOrientationLandscapeLeft UIInterfaceOrientationLandscapeRight";
				LD_RUNPATH_SEARCH_PATHS = (
					"$(inherited)",
					"@executable_path/Frameworks",
				);
				MARKETING_VERSION = 1.0;
				PRODUCT_BUNDLE_IDENTIFIER = H2O.rereTemanAirku;
				PRODUCT_NAME = "$(TARGET_NAME)";
				SWIFT_EMIT_LOC_STRINGS = YES;
				SWIFT_VERSION = 5.0;
				TARGETED_DEVICE_FAMILY = "1,2";
			};
			name = Debug;
		};
		39C80983280023BC00090ABF /* Release */ = {
			isa = XCBuildConfiguration;
			buildSettings = {
				ASSETCATALOG_COMPILER_APPICON_NAME = AppIcon;
				ASSETCATALOG_COMPILER_GLOBAL_ACCENT_COLOR_NAME = AccentColor;
				CODE_SIGN_STYLE = Automatic;
				CURRENT_PROJECT_VERSION = 1;
				DEVELOPMENT_TEAM = W6UMVQ97QR;
				GENERATE_INFOPLIST_FILE = YES;
				INFOPLIST_FILE = rereTemanAirku/Info.plist;
				INFOPLIST_KEY_UIApplicationSupportsIndirectInputEvents = YES;
				INFOPLIST_KEY_UILaunchStoryboardName = LaunchScreen;
				INFOPLIST_KEY_UIMainStoryboardFile = Main;
				INFOPLIST_KEY_UISupportedInterfaceOrientations_iPad = "UIInterfaceOrientationPortrait UIInterfaceOrientationPortraitUpsideDown UIInterfaceOrientationLandscapeLeft UIInterfaceOrientationLandscapeRight";
				INFOPLIST_KEY_UISupportedInterfaceOrientations_iPhone = "UIInterfaceOrientationPortrait UIInterfaceOrientationLandscapeLeft UIInterfaceOrientationLandscapeRight";
				LD_RUNPATH_SEARCH_PATHS = (
					"$(inherited)",
					"@executable_path/Frameworks",
				);
				MARKETING_VERSION = 1.0;
				PRODUCT_BUNDLE_IDENTIFIER = H2O.rereTemanAirku;
				PRODUCT_NAME = "$(TARGET_NAME)";
				SWIFT_EMIT_LOC_STRINGS = YES;
				SWIFT_VERSION = 5.0;
				TARGETED_DEVICE_FAMILY = "1,2";
			};
			name = Release;
		};
/* End XCBuildConfiguration section */

/* Begin XCConfigurationList section */
		39C80968280023BB00090ABF /* Build configuration list for PBXProject "rereTemanAirku" */ = {
			isa = XCConfigurationList;
			buildConfigurations = (
				39C8097F280023BC00090ABF /* Debug */,
				39C80980280023BC00090ABF /* Release */,
			);
			defaultConfigurationIsVisible = 0;
			defaultConfigurationName = Release;
		};
		39C80981280023BC00090ABF /* Build configuration list for PBXNativeTarget "rereTemanAirku" */ = {
			isa = XCConfigurationList;
			buildConfigurations = (
				39C80982280023BC00090ABF /* Debug */,
				39C80983280023BC00090ABF /* Release */,
			);
			defaultConfigurationIsVisible = 0;
			defaultConfigurationName = Release;
		};
/* End XCConfigurationList section */
	};
	rootObject = 39C80965280023BB00090ABF /* Project object */;
}
